PODS:
  - SmartCodable (2.0.1)
  - SnapKit (5.6.0)

DEPENDENCIES:
  - SmartCodable (from `../`)
  - SnapKit

SPEC REPOS:
  trunk:
    - SnapKit

EXTERNAL SOURCES:
  SmartCodable:
    :path: "../"

SPEC CHECKSUMS:
  SmartCodable: 0d870ed22994d233b56e62146452f8a6bf7e66a1
  SnapKit: e01d52ebb8ddbc333eefe2132acf85c8227d9c25

PODFILE CHECKSUM: a617ea17c25b320ebcc12eb52f5a8fcdf27f8201

COCOAPODS: 1.11.2
