PODS:
  - SmartCodable (2.2.1)
  - SnapKit (5.6.0)

DEPENDENCIES:
  - SmartCodable (from `../`)
  - SnapKit

SPEC REPOS:
  trunk:
    - SnapKit

EXTERNAL SOURCES:
  SmartCodable:
    :path: "../"

SPEC CHECKSUMS:
  SmartCodable: 0cdcae8a0acc5491ab031f8e9b76133ed68aede4
  SnapKit: e01d52ebb8ddbc333eefe2132acf85c8227d9c25

PODFILE CHECKSUM: 367c8d204ee8282f52ceef6bd6cb9a9e38badbd4

COCOAPODS: 1.11.2
