// !$*UTF8*$!
{
	archiveVersion = 1;
	classes = {
	};
	objectVersion = 46;
	objects = {

/* Begin PBXBuildFile section */
		541C456A01AB33DE47519AD1 /* Pods_SmartCodable_Example.framework in Frameworks */ = {isa = PBXBuildFile; fileRef = EBE2539D7D4ED401A0AF07CA /* Pods_SmartCodable_Example.framework */; };
		607FACD61AFB9204008FA782 /* AppDelegate.swift in Sources */ = {isa = PBXBuildFile; fileRef = 607FACD51AFB9204008FA782 /* AppDelegate.swift */; };
		607FACDB1AFB9204008FA782 /* Main.storyboard in Resources */ = {isa = PBXBuildFile; fileRef = 607FACD91AFB9204008FA782 /* Main.storyboard */; };
		607FACDD1AFB9204008FA782 /* Images.xcassets in Resources */ = {isa = PBXBuildFile; fileRef = 607FACDC1AFB9204008FA782 /* Images.xcassets */; };
		607FACE01AFB9204008FA782 /* LaunchScreen.xib in Resources */ = {isa = PBXBuildFile; fileRef = 607FACDE1AFB9204008FA782 /* LaunchScreen.xib */; };
		607FACEC1AFB9204008FA782 /* Tests.swift in Sources */ = {isa = PBXBuildFile; fileRef = 607FACEB1AFB9204008FA782 /* Tests.swift */; };
		9902B4D02BB2F36000310E69 /* ReplaceHandyJSON_1ViewController.swift in Sources */ = {isa = PBXBuildFile; fileRef = 9902B4CF2BB2F36000310E69 /* ReplaceHandyJSON_1ViewController.swift */; };
		9902B4D22BB2F6BB00310E69 /* ReplaceHandyJSON_2ViewController.swift in Sources */ = {isa = PBXBuildFile; fileRef = 9902B4D12BB2F6BB00310E69 /* ReplaceHandyJSON_2ViewController.swift */; };
		9902B4D42BB2F7F300310E69 /* ReplaceHandyJSON_3ViewController.swift in Sources */ = {isa = PBXBuildFile; fileRef = 9902B4D32BB2F7F300310E69 /* ReplaceHandyJSON_3ViewController.swift */; };
		9902B4D62BB2F8F800310E69 /* ReplaceHandyJSONViewController.swift in Sources */ = {isa = PBXBuildFile; fileRef = 9902B4D52BB2F8F800310E69 /* ReplaceHandyJSONViewController.swift */; };
		9902B4D82BB2FF0500310E69 /* ReplaceHandyJSON_4ViewController.swift in Sources */ = {isa = PBXBuildFile; fileRef = 9902B4D72BB2FF0500310E69 /* ReplaceHandyJSON_4ViewController.swift */; };
		9902B4DA2BB3010C00310E69 /* ReplaceHandyJSON_5ViewController.swift in Sources */ = {isa = PBXBuildFile; fileRef = 9902B4D92BB3010C00310E69 /* ReplaceHandyJSON_5ViewController.swift */; };
		9902B4DC2BB304B400310E69 /* ReplaceHandyJSON_6ViewController.swift in Sources */ = {isa = PBXBuildFile; fileRef = 9902B4DB2BB304B400310E69 /* ReplaceHandyJSON_6ViewController.swift */; };
		990ECFA92B95A45B003D37F1 /* Support_JSONStringViewController.swift in Sources */ = {isa = PBXBuildFile; fileRef = 990ECFA82B95A45B003D37F1 /* Support_JSONStringViewController.swift */; };
		991259ED2BFB5B2000ED76B5 /* BaseData_Int8ViewController.swift in Sources */ = {isa = PBXBuildFile; fileRef = 991259EC2BFB5B2000ED76B5 /* BaseData_Int8ViewController.swift */; };
		991259EF2BFB6C1000ED76B5 /* Container_DictViewController.swift in Sources */ = {isa = PBXBuildFile; fileRef = 991259EE2BFB6C1000ED76B5 /* Container_DictViewController.swift */; };
		991259F12BFB709F00ED76B5 /* Container_ArrayViewController.swift in Sources */ = {isa = PBXBuildFile; fileRef = 991259F02BFB709F00ED76B5 /* Container_ArrayViewController.swift */; };
		991259F32BFC3E4D00ED76B5 /* BaseData_DateViewController.swift in Sources */ = {isa = PBXBuildFile; fileRef = 991259F22BFC3E4D00ED76B5 /* BaseData_DateViewController.swift */; };
		991452AA2BB50B2A00970575 /* KeyDecodingStrategyViewController.swift in Sources */ = {isa = PBXBuildFile; fileRef = 991452A92BB50B2A00970575 /* KeyDecodingStrategyViewController.swift */; };
		99153D772BD1124C004C01AD /* Test3ViewController.swift in Sources */ = {isa = PBXBuildFile; fileRef = 99153D762BD1124C004C01AD /* Test3ViewController.swift */; };
		99328D972B5138170074036A /* AreaTest.swift in Sources */ = {isa = PBXBuildFile; fileRef = 99328D962B5138170074036A /* AreaTest.swift */; };
		99328D992B5138210074036A /* area.json in Resources */ = {isa = PBXBuildFile; fileRef = 99328D982B5138210074036A /* area.json */; };
		99328D9A2B513A300074036A /* area.json in Resources */ = {isa = PBXBuildFile; fileRef = 99328D982B5138210074036A /* area.json */; };
		993822D42B5E52C0007D3268 /* BaseTwoViewController.swift in Sources */ = {isa = PBXBuildFile; fileRef = 993822D32B5E52C0007D3268 /* BaseTwoViewController.swift */; };
		9955576E2BE0DCC6005F9ABD /* Introduce_10ViewController.swift in Sources */ = {isa = PBXBuildFile; fileRef = 9955576D2BE0DCC6005F9ABD /* Introduce_10ViewController.swift */; };
		9956B9B92BD92D1900C711F5 /* DecodingArrayLogViewController.swift in Sources */ = {isa = PBXBuildFile; fileRef = 9956B9B82BD92D1900C711F5 /* DecodingArrayLogViewController.swift */; };
		9957743B2BFD95E4003613C5 /* SpecialData_ColorViewController.swift in Sources */ = {isa = PBXBuildFile; fileRef = 9957743A2BFD95E4003613C5 /* SpecialData_ColorViewController.swift */; };
		99675FD02B3EC750006C83EC /* airports10000.json in Resources */ = {isa = PBXBuildFile; fileRef = 99AE7D8C2B3EC02E00B474E5 /* airports10000.json */; };
		99675FD12B3EC822006C83EC /* airports1000.json in Resources */ = {isa = PBXBuildFile; fileRef = 99AE7D8F2B3EC02E00B474E5 /* airports1000.json */; };
		99675FD22B3EC851006C83EC /* airports100.json in Resources */ = {isa = PBXBuildFile; fileRef = 99AE7D8E2B3EC02E00B474E5 /* airports100.json */; };
		99675FD32B3EC860006C83EC /* airports100.json in Resources */ = {isa = PBXBuildFile; fileRef = 99AE7D8E2B3EC02E00B474E5 /* airports100.json */; };
		99675FD42B3EC863006C83EC /* airports10.json in Resources */ = {isa = PBXBuildFile; fileRef = 99AE7D8D2B3EC02E00B474E5 /* airports10.json */; };
		99675FD52B3EC866006C83EC /* airports1.json in Resources */ = {isa = PBXBuildFile; fileRef = 99AE7D8A2B3EC02E00B474E5 /* airports1.json */; };
		9967601B2B3EC930006C83EC /* ViewController.swift in Sources */ = {isa = PBXBuildFile; fileRef = 99675FD62B3EC930006C83EC /* ViewController.swift */; };
		9967601C2B3EC930006C83EC /* NSDictionary+Extension.swift in Sources */ = {isa = PBXBuildFile; fileRef = 99675FD82B3EC930006C83EC /* NSDictionary+Extension.swift */; };
		9967601F2B3EC930006C83EC /* TestViewController.swift in Sources */ = {isa = PBXBuildFile; fileRef = 99675FDC2B3EC930006C83EC /* TestViewController.swift */; };
		996760202B3EC930006C83EC /* UITableView+Reusable.swift in Sources */ = {isa = PBXBuildFile; fileRef = 99675FDD2B3EC930006C83EC /* UITableView+Reusable.swift */; };
		996760212B3EC930006C83EC /* ArraySafe.swift in Sources */ = {isa = PBXBuildFile; fileRef = 99675FDE2B3EC930006C83EC /* ArraySafe.swift */; };
		996760222B3EC930006C83EC /* DecodingDictLogViewController.swift in Sources */ = {isa = PBXBuildFile; fileRef = 99675FE12B3EC930006C83EC /* DecodingDictLogViewController.swift */; };
		996760242B3EC930006C83EC /* BaseData_BoolViewController.swift in Sources */ = {isa = PBXBuildFile; fileRef = 99675FE52B3EC930006C83EC /* BaseData_BoolViewController.swift */; };
		996760252B3EC930006C83EC /* BaseCompatibilityViewController.swift in Sources */ = {isa = PBXBuildFile; fileRef = 99675FE62B3EC930006C83EC /* BaseCompatibilityViewController.swift */; };
		996760272B3EC930006C83EC /* BaseData_FloatViewController.swift in Sources */ = {isa = PBXBuildFile; fileRef = 99675FE82B3EC930006C83EC /* BaseData_FloatViewController.swift */; };
		996760282B3EC930006C83EC /* Container_DictNullViewController.swift in Sources */ = {isa = PBXBuildFile; fileRef = 99675FE92B3EC930006C83EC /* Container_DictNullViewController.swift */; };
		996760292B3EC930006C83EC /* BaseData_StringViewController.swift in Sources */ = {isa = PBXBuildFile; fileRef = 99675FEA2B3EC930006C83EC /* BaseData_StringViewController.swift */; };
		9967602A2B3EC930006C83EC /* BaseData_IntViewController.swift in Sources */ = {isa = PBXBuildFile; fileRef = 99675FEB2B3EC930006C83EC /* BaseData_IntViewController.swift */; };
		9967602B2B3EC930006C83EC /* Introduce_8ViewController.swift in Sources */ = {isa = PBXBuildFile; fileRef = 99675FEC2B3EC930006C83EC /* Introduce_8ViewController.swift */; };
		9967602C2B3EC930006C83EC /* Container_DictKeylessViewController.swift in Sources */ = {isa = PBXBuildFile; fileRef = 99675FED2B3EC930006C83EC /* Container_DictKeylessViewController.swift */; };
		9967602D2B3EC930006C83EC /* Container_DictTypeMismatchViewController.swift in Sources */ = {isa = PBXBuildFile; fileRef = 99675FEE2B3EC930006C83EC /* Container_DictTypeMismatchViewController.swift */; };
		996760352B3EC930006C83EC /* CaseThreeViewController.swift in Sources */ = {isa = PBXBuildFile; fileRef = 99675FF92B3EC930006C83EC /* CaseThreeViewController.swift */; };
		996760362B3EC930006C83EC /* CaseFiveViewController.swift in Sources */ = {isa = PBXBuildFile; fileRef = 99675FFA2B3EC930006C83EC /* CaseFiveViewController.swift */; };
		996760372B3EC930006C83EC /* CaseOneViewController.swift in Sources */ = {isa = PBXBuildFile; fileRef = 99675FFB2B3EC930006C83EC /* CaseOneViewController.swift */; };
		996760382B3EC930006C83EC /* CaseTwoViewController.swift in Sources */ = {isa = PBXBuildFile; fileRef = 99675FFC2B3EC930006C83EC /* CaseTwoViewController.swift */; };
		996760392B3EC930006C83EC /* CaseFourViewController.swift in Sources */ = {isa = PBXBuildFile; fileRef = 99675FFD2B3EC930006C83EC /* CaseFourViewController.swift */; };
		9967603A2B3EC930006C83EC /* Introduce_2ViewController.swift in Sources */ = {isa = PBXBuildFile; fileRef = 99675FFF2B3EC930006C83EC /* Introduce_2ViewController.swift */; };
		9967603F2B3EC930006C83EC /* Introduce_1ViewController.swift in Sources */ = {isa = PBXBuildFile; fileRef = 996760052B3EC930006C83EC /* Introduce_1ViewController.swift */; };
		996760402B3EC930006C83EC /* Introduce_3ViewController.swift in Sources */ = {isa = PBXBuildFile; fileRef = 996760062B3EC930006C83EC /* Introduce_3ViewController.swift */; };
		996760412B3EC930006C83EC /* Introduce_4ViewController.swift in Sources */ = {isa = PBXBuildFile; fileRef = 996760072B3EC930006C83EC /* Introduce_4ViewController.swift */; };
		996760462B3EC930006C83EC /* DataDecodingStrategyViewController.swift in Sources */ = {isa = PBXBuildFile; fileRef = 9967600F2B3EC930006C83EC /* DataDecodingStrategyViewController.swift */; };
		996760472B3EC930006C83EC /* FloatDecodingStrategyViewController.swift in Sources */ = {isa = PBXBuildFile; fileRef = 996760102B3EC930006C83EC /* FloatDecodingStrategyViewController.swift */; };
		996760482B3EC930006C83EC /* DateDecodingStrategyViewController.swift in Sources */ = {isa = PBXBuildFile; fileRef = 996760112B3EC930006C83EC /* DateDecodingStrategyViewController.swift */; };
		9967604A2B3EC930006C83EC /* BaseViewController.swift in Sources */ = {isa = PBXBuildFile; fileRef = 996760152B3EC930006C83EC /* BaseViewController.swift */; };
		9967604C2B3EC930006C83EC /* CaseSixViewController.swift in Sources */ = {isa = PBXBuildFile; fileRef = 996760182B3EC930006C83EC /* CaseSixViewController.swift */; };
		9993D6922B91DF3D0089CA68 /* Data+Extension.swift in Sources */ = {isa = PBXBuildFile; fileRef = 9993D6912B91DF3D0089CA68 /* Data+Extension.swift */; };
		9993D6942B91ED9B0089CA68 /* SpecialData_URLViewController.swift in Sources */ = {isa = PBXBuildFile; fileRef = 9993D6932B91ED9B0089CA68 /* SpecialData_URLViewController.swift */; };
		9993D6962B91EEED0089CA68 /* SpecialData_SmartAnyViewController.swift in Sources */ = {isa = PBXBuildFile; fileRef = 9993D6952B91EEED0089CA68 /* SpecialData_SmartAnyViewController.swift */; };
		9993D69A2B9208020089CA68 /* SpecialData_EnumViewController.swift in Sources */ = {isa = PBXBuildFile; fileRef = 9993D6992B9208020089CA68 /* SpecialData_EnumViewController.swift */; };
		9993D69D2B9215B70089CA68 /* Support_didFinishMappingViewController.swift in Sources */ = {isa = PBXBuildFile; fileRef = 9993D69C2B9215B70089CA68 /* Support_didFinishMappingViewController.swift */; };
		9993D6A12B9215D00089CA68 /* KeyMapping_firstLetterViewController.swift in Sources */ = {isa = PBXBuildFile; fileRef = 9993D6A02B9215D00089CA68 /* KeyMapping_firstLetterViewController.swift */; };
		999FA2432B99B86A00A2952F /* FinishMappingViewController.swift in Sources */ = {isa = PBXBuildFile; fileRef = 999FA2422B99B86A00A2952F /* FinishMappingViewController.swift */; };
		99AE7D902B3EC02E00B474E5 /* airports1.json in Resources */ = {isa = PBXBuildFile; fileRef = 99AE7D8A2B3EC02E00B474E5 /* airports1.json */; };
		99AE7D922B3EC02E00B474E5 /* airports10000.json in Resources */ = {isa = PBXBuildFile; fileRef = 99AE7D8C2B3EC02E00B474E5 /* airports10000.json */; };
		99AE7D932B3EC02E00B474E5 /* airports10.json in Resources */ = {isa = PBXBuildFile; fileRef = 99AE7D8D2B3EC02E00B474E5 /* airports10.json */; };
		99AE7D952B3EC02E00B474E5 /* airports1000.json in Resources */ = {isa = PBXBuildFile; fileRef = 99AE7D8F2B3EC02E00B474E5 /* airports1000.json */; };
		99C1E70D2B99A55E0090E8FD /* 说明信息 in Resources */ = {isa = PBXBuildFile; fileRef = 99C1E70C2B99A55E0090E8FD /* 说明信息 */; };
		99C313332B99C32A0065FC45 /* Introduce_6ViewController.swift in Sources */ = {isa = PBXBuildFile; fileRef = 99C313312B99C3290065FC45 /* Introduce_6ViewController.swift */; };
		99C313342B99C32A0065FC45 /* Introduce_7ViewController.swift in Sources */ = {isa = PBXBuildFile; fileRef = 99C313322B99C3290065FC45 /* Introduce_7ViewController.swift */; };
		99C3138C2B9B38910065FC45 /* ComplexDataStructureCell.swift in Sources */ = {isa = PBXBuildFile; fileRef = 99C313882B9B38910065FC45 /* ComplexDataStructureCell.swift */; };
		99C3138D2B9B38910065FC45 /* ComplexDataStructureModel.swift in Sources */ = {isa = PBXBuildFile; fileRef = 99C313892B9B38910065FC45 /* ComplexDataStructureModel.swift */; };
		99C3138E2B9B38910065FC45 /* CaseSevenViewController.swift in Sources */ = {isa = PBXBuildFile; fileRef = 99C3138A2B9B38910065FC45 /* CaseSevenViewController.swift */; };
		99C3138F2B9B38910065FC45 /* ComplexDataStructureSectionHeader.swift in Sources */ = {isa = PBXBuildFile; fileRef = 99C3138B2B9B38910065FC45 /* ComplexDataStructureSectionHeader.swift */; };
		99CABA292B906A640070DED0 /* TestCaseViewController.swift in Sources */ = {isa = PBXBuildFile; fileRef = 99CABA282B906A640070DED0 /* TestCaseViewController.swift */; };
		99CABA2D2B916E720070DED0 /* Container_ArrayKeylessViewController.swift in Sources */ = {isa = PBXBuildFile; fileRef = 99CABA2C2B916E720070DED0 /* Container_ArrayKeylessViewController.swift */; };
		99CABA2F2B916E8A0070DED0 /* Container_ArrayNullViewController.swift in Sources */ = {isa = PBXBuildFile; fileRef = 99CABA2E2B916E8A0070DED0 /* Container_ArrayNullViewController.swift */; };
		99CABA312B916E970070DED0 /* Container_ArrayTypeMismatchViewController.swift in Sources */ = {isa = PBXBuildFile; fileRef = 99CABA302B916E970070DED0 /* Container_ArrayTypeMismatchViewController.swift */; };
		99CE4D522BC687700006D435 /* Test2ViewController.swift in Sources */ = {isa = PBXBuildFile; fileRef = 99CE4D512BC687700006D435 /* Test2ViewController.swift */; };
		99CE4D542BC6905E0006D435 /* Introduce_5ViewController.swift in Sources */ = {isa = PBXBuildFile; fileRef = 99CE4D532BC6905E0006D435 /* Introduce_5ViewController.swift */; };
		99CE4D592BC6973B0006D435 /* DecodingStrategyViewController.swift in Sources */ = {isa = PBXBuildFile; fileRef = 99CE4D582BC6973B0006D435 /* DecodingStrategyViewController.swift */; };
		99CE4D5D2BC699D10006D435 /* BeforeDecodingViewController.swift in Sources */ = {isa = PBXBuildFile; fileRef = 99CE4D5C2BC699D10006D435 /* BeforeDecodingViewController.swift */; };
		99CE4D5F2BC6A86E0006D435 /* CustomDecodingKeyViewContriller.swift in Sources */ = {isa = PBXBuildFile; fileRef = 99CE4D5E2BC6A86E0006D435 /* CustomDecodingKeyViewContriller.swift */; };
		99CE4D622BC6AA780006D435 /* CustomDecodingValueViewContriller.swift in Sources */ = {isa = PBXBuildFile; fileRef = 99CE4D612BC6AA780006D435 /* CustomDecodingValueViewContriller.swift */; };
		99CE4D642BC6AB8B0006D435 /* Introduce_9ViewController.swift in Sources */ = {isa = PBXBuildFile; fileRef = 99CE4D632BC6AB8B0006D435 /* Introduce_9ViewController.swift */; };
		99CE4D662BC6AFC90006D435 /* IntroduceViewController.swift in Sources */ = {isa = PBXBuildFile; fileRef = 99CE4D652BC6AFC90006D435 /* IntroduceViewController.swift */; };
		99D17BBA2B9F0CF9008ADAAB /* PerformanceTest.swift in Sources */ = {isa = PBXBuildFile; fileRef = 99D17BB82B9F0CF9008ADAAB /* PerformanceTest.swift */; };
		99D945842B9182C800CC6470 /* Container_ArrayNestDictViewController.swift in Sources */ = {isa = PBXBuildFile; fileRef = 99D945802B9182C800CC6470 /* Container_ArrayNestDictViewController.swift */; };
		99D945852B9182C800CC6470 /* Container_DictNestDictViewController.swift in Sources */ = {isa = PBXBuildFile; fileRef = 99D945812B9182C800CC6470 /* Container_DictNestDictViewController.swift */; };
		99D945862B9182C800CC6470 /* Container_DictNestArrayViewController.swift in Sources */ = {isa = PBXBuildFile; fileRef = 99D945822B9182C800CC6470 /* Container_DictNestArrayViewController.swift */; };
		99D945872B9182C800CC6470 /* Container_ArrayNestArrayViewController.swift in Sources */ = {isa = PBXBuildFile; fileRef = 99D945832B9182C800CC6470 /* Container_ArrayNestArrayViewController.swift */; };
		99D9458A2B91C75600CC6470 /* SpecialData_dateViewController.swift in Sources */ = {isa = PBXBuildFile; fileRef = 99D945892B91C75600CC6470 /* SpecialData_dateViewController.swift */; };
		99D9458C2B91C80300CC6470 /* SpecialData_dataViewController.swift in Sources */ = {isa = PBXBuildFile; fileRef = 99D9458B2B91C80300CC6470 /* SpecialData_dataViewController.swift */; };
		99D9458E2B91C80C00CC6470 /* SpecialData_FloatViewController.swift in Sources */ = {isa = PBXBuildFile; fileRef = 99D9458D2B91C80C00CC6470 /* SpecialData_FloatViewController.swift */; };
		99F9E8A62BB5139900D68037 /* MixDecodingViewController.swift in Sources */ = {isa = PBXBuildFile; fileRef = 99F9E8A52BB5139900D68037 /* MixDecodingViewController.swift */; };
		AF374D4C62AA92DE0D9ED2B7 /* Pods_SmartCodable_Tests.framework in Frameworks */ = {isa = PBXBuildFile; fileRef = 5EB62463C4F6AEFEAA2A5E1E /* Pods_SmartCodable_Tests.framework */; };
/* End PBXBuildFile section */

/* Begin PBXContainerItemProxy section */
		607FACE61AFB9204008FA782 /* PBXContainerItemProxy */ = {
			isa = PBXContainerItemProxy;
			containerPortal = 607FACC81AFB9204008FA782 /* Project object */;
			proxyType = 1;
			remoteGlobalIDString = 607FACCF1AFB9204008FA782;
			remoteInfo = SmartCodable;
		};
/* End PBXContainerItemProxy section */

/* Begin PBXFileReference section */
		1CF3AF6A74A87905DF714BCB /* LICENSE */ = {isa = PBXFileReference; includeInIndex = 1; lastKnownFileType = text; name = LICENSE; path = ../LICENSE; sourceTree = "<group>"; };
		5EB62463C4F6AEFEAA2A5E1E /* Pods_SmartCodable_Tests.framework */ = {isa = PBXFileReference; explicitFileType = wrapper.framework; includeInIndex = 0; path = Pods_SmartCodable_Tests.framework; sourceTree = BUILT_PRODUCTS_DIR; };
		607FACD01AFB9204008FA782 /* SmartCodable_Example.app */ = {isa = PBXFileReference; explicitFileType = wrapper.application; includeInIndex = 0; path = SmartCodable_Example.app; sourceTree = BUILT_PRODUCTS_DIR; };
		607FACD41AFB9204008FA782 /* Info.plist */ = {isa = PBXFileReference; lastKnownFileType = text.plist.xml; path = Info.plist; sourceTree = "<group>"; };
		607FACD51AFB9204008FA782 /* AppDelegate.swift */ = {isa = PBXFileReference; lastKnownFileType = sourcecode.swift; path = AppDelegate.swift; sourceTree = "<group>"; };
		607FACDA1AFB9204008FA782 /* Base */ = {isa = PBXFileReference; lastKnownFileType = file.storyboard; name = Base; path = Base.lproj/Main.storyboard; sourceTree = "<group>"; };
		607FACDC1AFB9204008FA782 /* Images.xcassets */ = {isa = PBXFileReference; lastKnownFileType = folder.assetcatalog; path = Images.xcassets; sourceTree = "<group>"; };
		607FACDF1AFB9204008FA782 /* Base */ = {isa = PBXFileReference; lastKnownFileType = file.xib; name = Base; path = Base.lproj/LaunchScreen.xib; sourceTree = "<group>"; };
		607FACE51AFB9204008FA782 /* SmartCodable_Tests.xctest */ = {isa = PBXFileReference; explicitFileType = wrapper.cfbundle; includeInIndex = 0; path = SmartCodable_Tests.xctest; sourceTree = BUILT_PRODUCTS_DIR; };
		607FACEA1AFB9204008FA782 /* Info.plist */ = {isa = PBXFileReference; lastKnownFileType = text.plist.xml; path = Info.plist; sourceTree = "<group>"; };
		607FACEB1AFB9204008FA782 /* Tests.swift */ = {isa = PBXFileReference; lastKnownFileType = sourcecode.swift; path = Tests.swift; sourceTree = "<group>"; };
		8860B9435A4082D17ABC8167 /* README.md */ = {isa = PBXFileReference; includeInIndex = 1; lastKnownFileType = net.daringfireball.markdown; name = README.md; path = ../README.md; sourceTree = "<group>"; };
		9902B4CF2BB2F36000310E69 /* ReplaceHandyJSON_1ViewController.swift */ = {isa = PBXFileReference; lastKnownFileType = sourcecode.swift; path = ReplaceHandyJSON_1ViewController.swift; sourceTree = "<group>"; };
		9902B4D12BB2F6BB00310E69 /* ReplaceHandyJSON_2ViewController.swift */ = {isa = PBXFileReference; lastKnownFileType = sourcecode.swift; path = ReplaceHandyJSON_2ViewController.swift; sourceTree = "<group>"; };
		9902B4D32BB2F7F300310E69 /* ReplaceHandyJSON_3ViewController.swift */ = {isa = PBXFileReference; lastKnownFileType = sourcecode.swift; path = ReplaceHandyJSON_3ViewController.swift; sourceTree = "<group>"; };
		9902B4D52BB2F8F800310E69 /* ReplaceHandyJSONViewController.swift */ = {isa = PBXFileReference; lastKnownFileType = sourcecode.swift; path = ReplaceHandyJSONViewController.swift; sourceTree = "<group>"; };
		9902B4D72BB2FF0500310E69 /* ReplaceHandyJSON_4ViewController.swift */ = {isa = PBXFileReference; lastKnownFileType = sourcecode.swift; path = ReplaceHandyJSON_4ViewController.swift; sourceTree = "<group>"; };
		9902B4D92BB3010C00310E69 /* ReplaceHandyJSON_5ViewController.swift */ = {isa = PBXFileReference; lastKnownFileType = sourcecode.swift; path = ReplaceHandyJSON_5ViewController.swift; sourceTree = "<group>"; };
		9902B4DB2BB304B400310E69 /* ReplaceHandyJSON_6ViewController.swift */ = {isa = PBXFileReference; lastKnownFileType = sourcecode.swift; path = ReplaceHandyJSON_6ViewController.swift; sourceTree = "<group>"; };
		990ECFA82B95A45B003D37F1 /* Support_JSONStringViewController.swift */ = {isa = PBXFileReference; lastKnownFileType = sourcecode.swift; path = Support_JSONStringViewController.swift; sourceTree = "<group>"; };
		991259EC2BFB5B2000ED76B5 /* BaseData_Int8ViewController.swift */ = {isa = PBXFileReference; lastKnownFileType = sourcecode.swift; path = BaseData_Int8ViewController.swift; sourceTree = "<group>"; };
		991259EE2BFB6C1000ED76B5 /* Container_DictViewController.swift */ = {isa = PBXFileReference; lastKnownFileType = sourcecode.swift; path = Container_DictViewController.swift; sourceTree = "<group>"; };
		991259F02BFB709F00ED76B5 /* Container_ArrayViewController.swift */ = {isa = PBXFileReference; lastKnownFileType = sourcecode.swift; path = Container_ArrayViewController.swift; sourceTree = "<group>"; };
		991259F22BFC3E4D00ED76B5 /* BaseData_DateViewController.swift */ = {isa = PBXFileReference; lastKnownFileType = sourcecode.swift; path = BaseData_DateViewController.swift; sourceTree = "<group>"; };
		991452A92BB50B2A00970575 /* KeyDecodingStrategyViewController.swift */ = {isa = PBXFileReference; lastKnownFileType = sourcecode.swift; path = KeyDecodingStrategyViewController.swift; sourceTree = "<group>"; };
		99153D762BD1124C004C01AD /* Test3ViewController.swift */ = {isa = PBXFileReference; lastKnownFileType = sourcecode.swift; path = Test3ViewController.swift; sourceTree = "<group>"; };
		99328D962B5138170074036A /* AreaTest.swift */ = {isa = PBXFileReference; lastKnownFileType = sourcecode.swift; path = AreaTest.swift; sourceTree = "<group>"; };
		99328D982B5138210074036A /* area.json */ = {isa = PBXFileReference; fileEncoding = 4; lastKnownFileType = text.json; path = area.json; sourceTree = "<group>"; };
		993822D32B5E52C0007D3268 /* BaseTwoViewController.swift */ = {isa = PBXFileReference; lastKnownFileType = sourcecode.swift; path = BaseTwoViewController.swift; sourceTree = "<group>"; };
		9955576D2BE0DCC6005F9ABD /* Introduce_10ViewController.swift */ = {isa = PBXFileReference; lastKnownFileType = sourcecode.swift; path = Introduce_10ViewController.swift; sourceTree = "<group>"; };
		9956B9B82BD92D1900C711F5 /* DecodingArrayLogViewController.swift */ = {isa = PBXFileReference; lastKnownFileType = sourcecode.swift; path = DecodingArrayLogViewController.swift; sourceTree = "<group>"; };
		9957743A2BFD95E4003613C5 /* SpecialData_ColorViewController.swift */ = {isa = PBXFileReference; lastKnownFileType = sourcecode.swift; path = SpecialData_ColorViewController.swift; sourceTree = "<group>"; };
		99675FD62B3EC930006C83EC /* ViewController.swift */ = {isa = PBXFileReference; fileEncoding = 4; lastKnownFileType = sourcecode.swift; path = ViewController.swift; sourceTree = "<group>"; };
		99675FD82B3EC930006C83EC /* NSDictionary+Extension.swift */ = {isa = PBXFileReference; fileEncoding = 4; lastKnownFileType = sourcecode.swift; path = "NSDictionary+Extension.swift"; sourceTree = "<group>"; };
		99675FDC2B3EC930006C83EC /* TestViewController.swift */ = {isa = PBXFileReference; fileEncoding = 4; lastKnownFileType = sourcecode.swift; path = TestViewController.swift; sourceTree = "<group>"; };
		99675FDD2B3EC930006C83EC /* UITableView+Reusable.swift */ = {isa = PBXFileReference; fileEncoding = 4; lastKnownFileType = sourcecode.swift; path = "UITableView+Reusable.swift"; sourceTree = "<group>"; };
		99675FDE2B3EC930006C83EC /* ArraySafe.swift */ = {isa = PBXFileReference; fileEncoding = 4; lastKnownFileType = sourcecode.swift; path = ArraySafe.swift; sourceTree = "<group>"; };
		99675FE12B3EC930006C83EC /* DecodingDictLogViewController.swift */ = {isa = PBXFileReference; fileEncoding = 4; lastKnownFileType = sourcecode.swift; path = DecodingDictLogViewController.swift; sourceTree = "<group>"; };
		99675FE52B3EC930006C83EC /* BaseData_BoolViewController.swift */ = {isa = PBXFileReference; fileEncoding = 4; lastKnownFileType = sourcecode.swift; path = BaseData_BoolViewController.swift; sourceTree = "<group>"; };
		99675FE62B3EC930006C83EC /* BaseCompatibilityViewController.swift */ = {isa = PBXFileReference; fileEncoding = 4; lastKnownFileType = sourcecode.swift; path = BaseCompatibilityViewController.swift; sourceTree = "<group>"; };
		99675FE82B3EC930006C83EC /* BaseData_FloatViewController.swift */ = {isa = PBXFileReference; fileEncoding = 4; lastKnownFileType = sourcecode.swift; path = BaseData_FloatViewController.swift; sourceTree = "<group>"; };
		99675FE92B3EC930006C83EC /* Container_DictNullViewController.swift */ = {isa = PBXFileReference; fileEncoding = 4; lastKnownFileType = sourcecode.swift; path = Container_DictNullViewController.swift; sourceTree = "<group>"; };
		99675FEA2B3EC930006C83EC /* BaseData_StringViewController.swift */ = {isa = PBXFileReference; fileEncoding = 4; lastKnownFileType = sourcecode.swift; path = BaseData_StringViewController.swift; sourceTree = "<group>"; };
		99675FEB2B3EC930006C83EC /* BaseData_IntViewController.swift */ = {isa = PBXFileReference; fileEncoding = 4; lastKnownFileType = sourcecode.swift; path = BaseData_IntViewController.swift; sourceTree = "<group>"; };
		99675FEC2B3EC930006C83EC /* Introduce_8ViewController.swift */ = {isa = PBXFileReference; fileEncoding = 4; lastKnownFileType = sourcecode.swift; path = Introduce_8ViewController.swift; sourceTree = "<group>"; };
		99675FED2B3EC930006C83EC /* Container_DictKeylessViewController.swift */ = {isa = PBXFileReference; fileEncoding = 4; lastKnownFileType = sourcecode.swift; path = Container_DictKeylessViewController.swift; sourceTree = "<group>"; };
		99675FEE2B3EC930006C83EC /* Container_DictTypeMismatchViewController.swift */ = {isa = PBXFileReference; fileEncoding = 4; lastKnownFileType = sourcecode.swift; path = Container_DictTypeMismatchViewController.swift; sourceTree = "<group>"; };
		99675FF92B3EC930006C83EC /* CaseThreeViewController.swift */ = {isa = PBXFileReference; fileEncoding = 4; lastKnownFileType = sourcecode.swift; path = CaseThreeViewController.swift; sourceTree = "<group>"; };
		99675FFA2B3EC930006C83EC /* CaseFiveViewController.swift */ = {isa = PBXFileReference; fileEncoding = 4; lastKnownFileType = sourcecode.swift; path = CaseFiveViewController.swift; sourceTree = "<group>"; };
		99675FFB2B3EC930006C83EC /* CaseOneViewController.swift */ = {isa = PBXFileReference; fileEncoding = 4; lastKnownFileType = sourcecode.swift; path = CaseOneViewController.swift; sourceTree = "<group>"; };
		99675FFC2B3EC930006C83EC /* CaseTwoViewController.swift */ = {isa = PBXFileReference; fileEncoding = 4; lastKnownFileType = sourcecode.swift; path = CaseTwoViewController.swift; sourceTree = "<group>"; };
		99675FFD2B3EC930006C83EC /* CaseFourViewController.swift */ = {isa = PBXFileReference; fileEncoding = 4; lastKnownFileType = sourcecode.swift; path = CaseFourViewController.swift; sourceTree = "<group>"; };
		99675FFF2B3EC930006C83EC /* Introduce_2ViewController.swift */ = {isa = PBXFileReference; fileEncoding = 4; lastKnownFileType = sourcecode.swift; path = Introduce_2ViewController.swift; sourceTree = "<group>"; };
		996760052B3EC930006C83EC /* Introduce_1ViewController.swift */ = {isa = PBXFileReference; fileEncoding = 4; lastKnownFileType = sourcecode.swift; path = Introduce_1ViewController.swift; sourceTree = "<group>"; };
		996760062B3EC930006C83EC /* Introduce_3ViewController.swift */ = {isa = PBXFileReference; fileEncoding = 4; lastKnownFileType = sourcecode.swift; path = Introduce_3ViewController.swift; sourceTree = "<group>"; };
		996760072B3EC930006C83EC /* Introduce_4ViewController.swift */ = {isa = PBXFileReference; fileEncoding = 4; lastKnownFileType = sourcecode.swift; path = Introduce_4ViewController.swift; sourceTree = "<group>"; };
		9967600F2B3EC930006C83EC /* DataDecodingStrategyViewController.swift */ = {isa = PBXFileReference; fileEncoding = 4; lastKnownFileType = sourcecode.swift; path = DataDecodingStrategyViewController.swift; sourceTree = "<group>"; };
		996760102B3EC930006C83EC /* FloatDecodingStrategyViewController.swift */ = {isa = PBXFileReference; fileEncoding = 4; lastKnownFileType = sourcecode.swift; path = FloatDecodingStrategyViewController.swift; sourceTree = "<group>"; };
		996760112B3EC930006C83EC /* DateDecodingStrategyViewController.swift */ = {isa = PBXFileReference; fileEncoding = 4; lastKnownFileType = sourcecode.swift; path = DateDecodingStrategyViewController.swift; sourceTree = "<group>"; };
		996760152B3EC930006C83EC /* BaseViewController.swift */ = {isa = PBXFileReference; fileEncoding = 4; lastKnownFileType = sourcecode.swift; path = BaseViewController.swift; sourceTree = "<group>"; };
		996760182B3EC930006C83EC /* CaseSixViewController.swift */ = {isa = PBXFileReference; fileEncoding = 4; lastKnownFileType = sourcecode.swift; path = CaseSixViewController.swift; sourceTree = "<group>"; };
		9993D6912B91DF3D0089CA68 /* Data+Extension.swift */ = {isa = PBXFileReference; lastKnownFileType = sourcecode.swift; path = "Data+Extension.swift"; sourceTree = "<group>"; };
		9993D6932B91ED9B0089CA68 /* SpecialData_URLViewController.swift */ = {isa = PBXFileReference; lastKnownFileType = sourcecode.swift; path = SpecialData_URLViewController.swift; sourceTree = "<group>"; };
		9993D6952B91EEED0089CA68 /* SpecialData_SmartAnyViewController.swift */ = {isa = PBXFileReference; lastKnownFileType = sourcecode.swift; path = SpecialData_SmartAnyViewController.swift; sourceTree = "<group>"; };
		9993D6992B9208020089CA68 /* SpecialData_EnumViewController.swift */ = {isa = PBXFileReference; lastKnownFileType = sourcecode.swift; path = SpecialData_EnumViewController.swift; sourceTree = "<group>"; };
		9993D69C2B9215B70089CA68 /* Support_didFinishMappingViewController.swift */ = {isa = PBXFileReference; lastKnownFileType = sourcecode.swift; path = Support_didFinishMappingViewController.swift; sourceTree = "<group>"; };
		9993D6A02B9215D00089CA68 /* KeyMapping_firstLetterViewController.swift */ = {isa = PBXFileReference; lastKnownFileType = sourcecode.swift; path = KeyMapping_firstLetterViewController.swift; sourceTree = "<group>"; };
		999FA2422B99B86A00A2952F /* FinishMappingViewController.swift */ = {isa = PBXFileReference; lastKnownFileType = sourcecode.swift; path = FinishMappingViewController.swift; sourceTree = "<group>"; };
		99AE7D8A2B3EC02E00B474E5 /* airports1.json */ = {isa = PBXFileReference; fileEncoding = 4; lastKnownFileType = text.json; path = airports1.json; sourceTree = "<group>"; };
		99AE7D8C2B3EC02E00B474E5 /* airports10000.json */ = {isa = PBXFileReference; fileEncoding = 4; lastKnownFileType = text.json; path = airports10000.json; sourceTree = "<group>"; };
		99AE7D8D2B3EC02E00B474E5 /* airports10.json */ = {isa = PBXFileReference; fileEncoding = 4; lastKnownFileType = text.json; path = airports10.json; sourceTree = "<group>"; };
		99AE7D8E2B3EC02E00B474E5 /* airports100.json */ = {isa = PBXFileReference; fileEncoding = 4; lastKnownFileType = text.json; path = airports100.json; sourceTree = "<group>"; };
		99AE7D8F2B3EC02E00B474E5 /* airports1000.json */ = {isa = PBXFileReference; fileEncoding = 4; lastKnownFileType = text.json; path = airports1000.json; sourceTree = "<group>"; };
		99C1E70C2B99A55E0090E8FD /* 说明信息 */ = {isa = PBXFileReference; lastKnownFileType = text; path = "说明信息"; sourceTree = "<group>"; };
		99C313312B99C3290065FC45 /* Introduce_6ViewController.swift */ = {isa = PBXFileReference; fileEncoding = 4; lastKnownFileType = sourcecode.swift; path = Introduce_6ViewController.swift; sourceTree = "<group>"; };
		99C313322B99C3290065FC45 /* Introduce_7ViewController.swift */ = {isa = PBXFileReference; fileEncoding = 4; lastKnownFileType = sourcecode.swift; path = Introduce_7ViewController.swift; sourceTree = "<group>"; };
		99C313882B9B38910065FC45 /* ComplexDataStructureCell.swift */ = {isa = PBXFileReference; fileEncoding = 4; lastKnownFileType = sourcecode.swift; path = ComplexDataStructureCell.swift; sourceTree = "<group>"; };
		99C313892B9B38910065FC45 /* ComplexDataStructureModel.swift */ = {isa = PBXFileReference; fileEncoding = 4; lastKnownFileType = sourcecode.swift; path = ComplexDataStructureModel.swift; sourceTree = "<group>"; };
		99C3138A2B9B38910065FC45 /* CaseSevenViewController.swift */ = {isa = PBXFileReference; fileEncoding = 4; lastKnownFileType = sourcecode.swift; path = CaseSevenViewController.swift; sourceTree = "<group>"; };
		99C3138B2B9B38910065FC45 /* ComplexDataStructureSectionHeader.swift */ = {isa = PBXFileReference; fileEncoding = 4; lastKnownFileType = sourcecode.swift; path = ComplexDataStructureSectionHeader.swift; sourceTree = "<group>"; };
		99CABA282B906A640070DED0 /* TestCaseViewController.swift */ = {isa = PBXFileReference; lastKnownFileType = sourcecode.swift; path = TestCaseViewController.swift; sourceTree = "<group>"; };
		99CABA2C2B916E720070DED0 /* Container_ArrayKeylessViewController.swift */ = {isa = PBXFileReference; lastKnownFileType = sourcecode.swift; path = Container_ArrayKeylessViewController.swift; sourceTree = "<group>"; };
		99CABA2E2B916E8A0070DED0 /* Container_ArrayNullViewController.swift */ = {isa = PBXFileReference; lastKnownFileType = sourcecode.swift; path = Container_ArrayNullViewController.swift; sourceTree = "<group>"; };
		99CABA302B916E970070DED0 /* Container_ArrayTypeMismatchViewController.swift */ = {isa = PBXFileReference; lastKnownFileType = sourcecode.swift; path = Container_ArrayTypeMismatchViewController.swift; sourceTree = "<group>"; };
		99CE4D512BC687700006D435 /* Test2ViewController.swift */ = {isa = PBXFileReference; lastKnownFileType = sourcecode.swift; path = Test2ViewController.swift; sourceTree = "<group>"; };
		99CE4D532BC6905E0006D435 /* Introduce_5ViewController.swift */ = {isa = PBXFileReference; lastKnownFileType = sourcecode.swift; path = Introduce_5ViewController.swift; sourceTree = "<group>"; };
		99CE4D582BC6973B0006D435 /* DecodingStrategyViewController.swift */ = {isa = PBXFileReference; fileEncoding = 4; lastKnownFileType = sourcecode.swift; path = DecodingStrategyViewController.swift; sourceTree = "<group>"; };
		99CE4D5C2BC699D10006D435 /* BeforeDecodingViewController.swift */ = {isa = PBXFileReference; fileEncoding = 4; lastKnownFileType = sourcecode.swift; path = BeforeDecodingViewController.swift; sourceTree = "<group>"; };
		99CE4D5E2BC6A86E0006D435 /* CustomDecodingKeyViewContriller.swift */ = {isa = PBXFileReference; lastKnownFileType = sourcecode.swift; path = CustomDecodingKeyViewContriller.swift; sourceTree = "<group>"; };
		99CE4D612BC6AA780006D435 /* CustomDecodingValueViewContriller.swift */ = {isa = PBXFileReference; lastKnownFileType = sourcecode.swift; path = CustomDecodingValueViewContriller.swift; sourceTree = "<group>"; };
		99CE4D632BC6AB8B0006D435 /* Introduce_9ViewController.swift */ = {isa = PBXFileReference; lastKnownFileType = sourcecode.swift; path = Introduce_9ViewController.swift; sourceTree = "<group>"; };
		99CE4D652BC6AFC90006D435 /* IntroduceViewController.swift */ = {isa = PBXFileReference; lastKnownFileType = sourcecode.swift; path = IntroduceViewController.swift; sourceTree = "<group>"; };
		99D17BB82B9F0CF9008ADAAB /* PerformanceTest.swift */ = {isa = PBXFileReference; fileEncoding = 4; lastKnownFileType = sourcecode.swift; name = PerformanceTest.swift; path = Tests/PerformanceTest.swift; sourceTree = SOURCE_ROOT; };
		99D945802B9182C800CC6470 /* Container_ArrayNestDictViewController.swift */ = {isa = PBXFileReference; fileEncoding = 4; lastKnownFileType = sourcecode.swift; path = Container_ArrayNestDictViewController.swift; sourceTree = "<group>"; };
		99D945812B9182C800CC6470 /* Container_DictNestDictViewController.swift */ = {isa = PBXFileReference; fileEncoding = 4; lastKnownFileType = sourcecode.swift; path = Container_DictNestDictViewController.swift; sourceTree = "<group>"; };
		99D945822B9182C800CC6470 /* Container_DictNestArrayViewController.swift */ = {isa = PBXFileReference; fileEncoding = 4; lastKnownFileType = sourcecode.swift; path = Container_DictNestArrayViewController.swift; sourceTree = "<group>"; };
		99D945832B9182C800CC6470 /* Container_ArrayNestArrayViewController.swift */ = {isa = PBXFileReference; fileEncoding = 4; lastKnownFileType = sourcecode.swift; path = Container_ArrayNestArrayViewController.swift; sourceTree = "<group>"; };
		99D945892B91C75600CC6470 /* SpecialData_dateViewController.swift */ = {isa = PBXFileReference; lastKnownFileType = sourcecode.swift; path = SpecialData_dateViewController.swift; sourceTree = "<group>"; };
		99D9458B2B91C80300CC6470 /* SpecialData_dataViewController.swift */ = {isa = PBXFileReference; lastKnownFileType = sourcecode.swift; path = SpecialData_dataViewController.swift; sourceTree = "<group>"; };
		99D9458D2B91C80C00CC6470 /* SpecialData_FloatViewController.swift */ = {isa = PBXFileReference; lastKnownFileType = sourcecode.swift; path = SpecialData_FloatViewController.swift; sourceTree = "<group>"; };
		99F9E8A52BB5139900D68037 /* MixDecodingViewController.swift */ = {isa = PBXFileReference; lastKnownFileType = sourcecode.swift; path = MixDecodingViewController.swift; sourceTree = "<group>"; };
		AD8215B5E8E50F277C1C4356 /* Pods-SmartCodable_Example.release.xcconfig */ = {isa = PBXFileReference; includeInIndex = 1; lastKnownFileType = text.xcconfig; name = "Pods-SmartCodable_Example.release.xcconfig"; path = "Target Support Files/Pods-SmartCodable_Example/Pods-SmartCodable_Example.release.xcconfig"; sourceTree = "<group>"; };
		AFEADC35BC2373F1DC69B73B /* Pods-SmartCodable_Tests.release.xcconfig */ = {isa = PBXFileReference; includeInIndex = 1; lastKnownFileType = text.xcconfig; name = "Pods-SmartCodable_Tests.release.xcconfig"; path = "Target Support Files/Pods-SmartCodable_Tests/Pods-SmartCodable_Tests.release.xcconfig"; sourceTree = "<group>"; };
		BC656B63C9031B22DEB5C8EB /* Pods-SmartCodable_Example.debug.xcconfig */ = {isa = PBXFileReference; includeInIndex = 1; lastKnownFileType = text.xcconfig; name = "Pods-SmartCodable_Example.debug.xcconfig"; path = "Target Support Files/Pods-SmartCodable_Example/Pods-SmartCodable_Example.debug.xcconfig"; sourceTree = "<group>"; };
		DB7246035010143E03C7616B /* Pods-SmartCodable_Tests.debug.xcconfig */ = {isa = PBXFileReference; includeInIndex = 1; lastKnownFileType = text.xcconfig; name = "Pods-SmartCodable_Tests.debug.xcconfig"; path = "Target Support Files/Pods-SmartCodable_Tests/Pods-SmartCodable_Tests.debug.xcconfig"; sourceTree = "<group>"; };
		EBE2539D7D4ED401A0AF07CA /* Pods_SmartCodable_Example.framework */ = {isa = PBXFileReference; explicitFileType = wrapper.framework; includeInIndex = 0; path = Pods_SmartCodable_Example.framework; sourceTree = BUILT_PRODUCTS_DIR; };
		F415A4253833C1D4B5A35964 /* SmartCodable.podspec */ = {isa = PBXFileReference; includeInIndex = 1; lastKnownFileType = text; name = SmartCodable.podspec; path = ../SmartCodable.podspec; sourceTree = "<group>"; xcLanguageSpecificationIdentifier = xcode.lang.ruby; };
/* End PBXFileReference section */

/* Begin PBXFrameworksBuildPhase section */
		607FACCD1AFB9204008FA782 /* Frameworks */ = {
			isa = PBXFrameworksBuildPhase;
			buildActionMask = 2147483647;
			files = (
				541C456A01AB33DE47519AD1 /* Pods_SmartCodable_Example.framework in Frameworks */,
			);
			runOnlyForDeploymentPostprocessing = 0;
		};
		607FACE21AFB9204008FA782 /* Frameworks */ = {
			isa = PBXFrameworksBuildPhase;
			buildActionMask = 2147483647;
			files = (
				AF374D4C62AA92DE0D9ED2B7 /* Pods_SmartCodable_Tests.framework in Frameworks */,
			);
			runOnlyForDeploymentPostprocessing = 0;
		};
/* End PBXFrameworksBuildPhase section */

/* Begin PBXGroup section */
		1665CB996DA26E12087ACC36 /* Frameworks */ = {
			isa = PBXGroup;
			children = (
				EBE2539D7D4ED401A0AF07CA /* Pods_SmartCodable_Example.framework */,
				5EB62463C4F6AEFEAA2A5E1E /* Pods_SmartCodable_Tests.framework */,
			);
			name = Frameworks;
			sourceTree = "<group>";
		};
		607FACC71AFB9204008FA782 = {
			isa = PBXGroup;
			children = (
				607FACF51AFB993E008FA782 /* Podspec Metadata */,
				607FACD21AFB9204008FA782 /* Example for SmartCodable */,
				607FACE81AFB9204008FA782 /* Tests */,
				607FACD11AFB9204008FA782 /* Products */,
				6F35EE90B094F1EE5E87A59D /* Pods */,
				1665CB996DA26E12087ACC36 /* Frameworks */,
			);
			sourceTree = "<group>";
		};
		607FACD11AFB9204008FA782 /* Products */ = {
			isa = PBXGroup;
			children = (
				607FACD01AFB9204008FA782 /* SmartCodable_Example.app */,
				607FACE51AFB9204008FA782 /* SmartCodable_Tests.xctest */,
			);
			name = Products;
			sourceTree = "<group>";
		};
		607FACD21AFB9204008FA782 /* Example for SmartCodable */ = {
			isa = PBXGroup;
			children = (
				99675FDC2B3EC930006C83EC /* TestViewController.swift */,
				99CE4D512BC687700006D435 /* Test2ViewController.swift */,
				99153D762BD1124C004C01AD /* Test3ViewController.swift */,
				99C1E70C2B99A55E0090E8FD /* 说明信息 */,
				9902B4CE2BB2F32D00310E69 /* 平替HandyJSON */,
				99A494E42B9028D900393193 /* 测试用例 */,
				996760142B3EC930006C83EC /* Base */,
				99675FDF2B3EC930006C83EC /* Smart */,
				99675FD62B3EC930006C83EC /* ViewController.swift */,
				607FACD51AFB9204008FA782 /* AppDelegate.swift */,
				607FACD91AFB9204008FA782 /* Main.storyboard */,
				607FACDC1AFB9204008FA782 /* Images.xcassets */,
				607FACDE1AFB9204008FA782 /* LaunchScreen.xib */,
				607FACD31AFB9204008FA782 /* Supporting Files */,
			);
			name = "Example for SmartCodable";
			path = SmartCodable;
			sourceTree = "<group>";
		};
		607FACD31AFB9204008FA782 /* Supporting Files */ = {
			isa = PBXGroup;
			children = (
				607FACD41AFB9204008FA782 /* Info.plist */,
			);
			name = "Supporting Files";
			sourceTree = "<group>";
		};
		607FACE81AFB9204008FA782 /* Tests */ = {
			isa = PBXGroup;
			children = (
				99D17BB82B9F0CF9008ADAAB /* PerformanceTest.swift */,
				99AE7D892B3EC02E00B474E5 /* Resource */,
				607FACEB1AFB9204008FA782 /* Tests.swift */,
				99328D962B5138170074036A /* AreaTest.swift */,
				607FACE91AFB9204008FA782 /* Supporting Files */,
			);
			path = Tests;
			sourceTree = "<group>";
		};
		607FACE91AFB9204008FA782 /* Supporting Files */ = {
			isa = PBXGroup;
			children = (
				607FACEA1AFB9204008FA782 /* Info.plist */,
			);
			name = "Supporting Files";
			sourceTree = "<group>";
		};
		607FACF51AFB993E008FA782 /* Podspec Metadata */ = {
			isa = PBXGroup;
			children = (
				F415A4253833C1D4B5A35964 /* SmartCodable.podspec */,
				8860B9435A4082D17ABC8167 /* README.md */,
				1CF3AF6A74A87905DF714BCB /* LICENSE */,
			);
			name = "Podspec Metadata";
			sourceTree = "<group>";
		};
		6F35EE90B094F1EE5E87A59D /* Pods */ = {
			isa = PBXGroup;
			children = (
				BC656B63C9031B22DEB5C8EB /* Pods-SmartCodable_Example.debug.xcconfig */,
				AD8215B5E8E50F277C1C4356 /* Pods-SmartCodable_Example.release.xcconfig */,
				DB7246035010143E03C7616B /* Pods-SmartCodable_Tests.debug.xcconfig */,
				AFEADC35BC2373F1DC69B73B /* Pods-SmartCodable_Tests.release.xcconfig */,
			);
			path = Pods;
			sourceTree = "<group>";
		};
		9902B4CE2BB2F32D00310E69 /* 平替HandyJSON */ = {
			isa = PBXGroup;
			children = (
				9902B4CF2BB2F36000310E69 /* ReplaceHandyJSON_1ViewController.swift */,
				9902B4D12BB2F6BB00310E69 /* ReplaceHandyJSON_2ViewController.swift */,
				9902B4D32BB2F7F300310E69 /* ReplaceHandyJSON_3ViewController.swift */,
				9902B4D72BB2FF0500310E69 /* ReplaceHandyJSON_4ViewController.swift */,
				9902B4D92BB3010C00310E69 /* ReplaceHandyJSON_5ViewController.swift */,
				9902B4DB2BB304B400310E69 /* ReplaceHandyJSON_6ViewController.swift */,
				9902B4D52BB2F8F800310E69 /* ReplaceHandyJSONViewController.swift */,
			);
			path = "平替HandyJSON";
			sourceTree = "<group>";
		};
		9908EE122B972AF00026E357 /* KeyMapping */ = {
			isa = PBXGroup;
			children = (
				9993D6A02B9215D00089CA68 /* KeyMapping_firstLetterViewController.swift */,
			);
			path = KeyMapping;
			sourceTree = "<group>";
		};
		99675FDF2B3EC930006C83EC /* Smart */ = {
			isa = PBXGroup;
			children = (
				99675FFE2B3EC930006C83EC /* 1.Introduce(使用介绍) */,
				9967600D2B3EC930006C83EC /* 2.Strategy(解码策略) */,
				99675FE02B3EC930006C83EC /* 3.SmartLog(调试日志) */,
				99675FF82B3EC930006C83EC /* 4.Case(案例) */,
			);
			path = Smart;
			sourceTree = "<group>";
		};
		99675FE02B3EC930006C83EC /* 3.SmartLog(调试日志) */ = {
			isa = PBXGroup;
			children = (
				99675FE12B3EC930006C83EC /* DecodingDictLogViewController.swift */,
				9956B9B82BD92D1900C711F5 /* DecodingArrayLogViewController.swift */,
			);
			path = "3.SmartLog(调试日志)";
			sourceTree = "<group>";
		};
		99675FF82B3EC930006C83EC /* 4.Case(案例) */ = {
			isa = PBXGroup;
			children = (
				99675FFB2B3EC930006C83EC /* CaseOneViewController.swift */,
				99675FFC2B3EC930006C83EC /* CaseTwoViewController.swift */,
				99675FF92B3EC930006C83EC /* CaseThreeViewController.swift */,
				99675FFD2B3EC930006C83EC /* CaseFourViewController.swift */,
				99675FFA2B3EC930006C83EC /* CaseFiveViewController.swift */,
				996760182B3EC930006C83EC /* CaseSixViewController.swift */,
				99C313872B9B38910065FC45 /* CaseSeven */,
			);
			path = "4.Case(案例)";
			sourceTree = "<group>";
		};
		99675FFE2B3EC930006C83EC /* 1.Introduce(使用介绍) */ = {
			isa = PBXGroup;
			children = (
				996760052B3EC930006C83EC /* Introduce_1ViewController.swift */,
				99675FFF2B3EC930006C83EC /* Introduce_2ViewController.swift */,
				996760062B3EC930006C83EC /* Introduce_3ViewController.swift */,
				996760072B3EC930006C83EC /* Introduce_4ViewController.swift */,
				99CE4D532BC6905E0006D435 /* Introduce_5ViewController.swift */,
				99C313312B99C3290065FC45 /* Introduce_6ViewController.swift */,
				99C313322B99C3290065FC45 /* Introduce_7ViewController.swift */,
				99675FEC2B3EC930006C83EC /* Introduce_8ViewController.swift */,
				99CE4D632BC6AB8B0006D435 /* Introduce_9ViewController.swift */,
				9955576D2BE0DCC6005F9ABD /* Introduce_10ViewController.swift */,
				99CE4D652BC6AFC90006D435 /* IntroduceViewController.swift */,
			);
			path = "1.Introduce(使用介绍)";
			sourceTree = "<group>";
		};
		9967600D2B3EC930006C83EC /* 2.Strategy(解码策略) */ = {
			isa = PBXGroup;
			children = (
				99CE4D582BC6973B0006D435 /* DecodingStrategyViewController.swift */,
				99CE4D602BC6AA5D0006D435 /* 混合使用 */,
				99CE4D572BC695AE0006D435 /* 解码前 */,
				99CE4D552BC695AE0006D435 /* 解码中 */,
				99CE4D562BC695AE0006D435 /* 解码后 */,
			);
			path = "2.Strategy(解码策略)";
			sourceTree = "<group>";
		};
		996760142B3EC930006C83EC /* Base */ = {
			isa = PBXGroup;
			children = (
				99675FE62B3EC930006C83EC /* BaseCompatibilityViewController.swift */,
				9993D6912B91DF3D0089CA68 /* Data+Extension.swift */,
				99675FD82B3EC930006C83EC /* NSDictionary+Extension.swift */,
				99675FDD2B3EC930006C83EC /* UITableView+Reusable.swift */,
				99675FDE2B3EC930006C83EC /* ArraySafe.swift */,
				996760152B3EC930006C83EC /* BaseViewController.swift */,
				993822D32B5E52C0007D3268 /* BaseTwoViewController.swift */,
			);
			path = Base;
			sourceTree = "<group>";
		};
		9993D69B2B9215A40089CA68 /* Support */ = {
			isa = PBXGroup;
			children = (
				990ECFA82B95A45B003D37F1 /* Support_JSONStringViewController.swift */,
				9993D69C2B9215B70089CA68 /* Support_didFinishMappingViewController.swift */,
			);
			path = Support;
			sourceTree = "<group>";
		};
		99A494E42B9028D900393193 /* 测试用例 */ = {
			isa = PBXGroup;
			children = (
				99CABA282B906A640070DED0 /* TestCaseViewController.swift */,
				99A494E52B9028EB00393193 /* 数据测试 */,
			);
			path = "测试用例";
			sourceTree = "<group>";
		};
		99A494E52B9028EB00393193 /* 数据测试 */ = {
			isa = PBXGroup;
			children = (
				99CABA2A2B916DD30070DED0 /* BaseData */,
				99CABA2B2B916DE40070DED0 /* Container */,
				99D945882B91C4D500CC6470 /* SpecialData */,
				9993D69B2B9215A40089CA68 /* Support */,
				9908EE122B972AF00026E357 /* KeyMapping */,
			);
			path = "数据测试";
			sourceTree = "<group>";
		};
		99AE7D892B3EC02E00B474E5 /* Resource */ = {
			isa = PBXGroup;
			children = (
				99328D982B5138210074036A /* area.json */,
				99AE7D8A2B3EC02E00B474E5 /* airports1.json */,
				99AE7D8D2B3EC02E00B474E5 /* airports10.json */,
				99AE7D8E2B3EC02E00B474E5 /* airports100.json */,
				99AE7D8F2B3EC02E00B474E5 /* airports1000.json */,
				99AE7D8C2B3EC02E00B474E5 /* airports10000.json */,
			);
			path = Resource;
			sourceTree = "<group>";
		};
		99C313872B9B38910065FC45 /* CaseSeven */ = {
			isa = PBXGroup;
			children = (
				99C3138A2B9B38910065FC45 /* CaseSevenViewController.swift */,
				99C313882B9B38910065FC45 /* ComplexDataStructureCell.swift */,
				99C313892B9B38910065FC45 /* ComplexDataStructureModel.swift */,
				99C3138B2B9B38910065FC45 /* ComplexDataStructureSectionHeader.swift */,
			);
			path = CaseSeven;
			sourceTree = "<group>";
		};
		99CABA2A2B916DD30070DED0 /* BaseData */ = {
			isa = PBXGroup;
			children = (
				99675FE52B3EC930006C83EC /* BaseData_BoolViewController.swift */,
				99675FE82B3EC930006C83EC /* BaseData_FloatViewController.swift */,
				99675FEA2B3EC930006C83EC /* BaseData_StringViewController.swift */,
				99675FEB2B3EC930006C83EC /* BaseData_IntViewController.swift */,
				991259EC2BFB5B2000ED76B5 /* BaseData_Int8ViewController.swift */,
				991259F22BFC3E4D00ED76B5 /* BaseData_DateViewController.swift */,
			);
			path = BaseData;
			sourceTree = "<group>";
		};
		99CABA2B2B916DE40070DED0 /* Container */ = {
			isa = PBXGroup;
			children = (
				99DA98CC2C05FF7B00891833 /* Dict */,
				99DA98CB2C05FF7B00891833 /* Arr */,
			);
			path = Container;
			sourceTree = "<group>";
		};
		99CE4D552BC695AE0006D435 /* 解码中 */ = {
			isa = PBXGroup;
			children = (
				99CE4D5B2BC699580006D435 /* 局部策略 */,
				99CE4D5A2BC699580006D435 /* 全局策略 */,
			);
			path = "解码中";
			sourceTree = "<group>";
		};
		99CE4D562BC695AE0006D435 /* 解码后 */ = {
			isa = PBXGroup;
			children = (
				999FA2422B99B86A00A2952F /* FinishMappingViewController.swift */,
			);
			path = "解码后";
			sourceTree = "<group>";
		};
		99CE4D572BC695AE0006D435 /* 解码前 */ = {
			isa = PBXGroup;
			children = (
				99CE4D5C2BC699D10006D435 /* BeforeDecodingViewController.swift */,
			);
			path = "解码前";
			sourceTree = "<group>";
		};
		99CE4D5A2BC699580006D435 /* 全局策略 */ = {
			isa = PBXGroup;
			children = (
				991452A92BB50B2A00970575 /* KeyDecodingStrategyViewController.swift */,
				9967600F2B3EC930006C83EC /* DataDecodingStrategyViewController.swift */,
				996760102B3EC930006C83EC /* FloatDecodingStrategyViewController.swift */,
				996760112B3EC930006C83EC /* DateDecodingStrategyViewController.swift */,
			);
			path = "全局策略";
			sourceTree = "<group>";
		};
		99CE4D5B2BC699580006D435 /* 局部策略 */ = {
			isa = PBXGroup;
			children = (
				99CE4D5E2BC6A86E0006D435 /* CustomDecodingKeyViewContriller.swift */,
				99CE4D612BC6AA780006D435 /* CustomDecodingValueViewContriller.swift */,
			);
			path = "局部策略";
			sourceTree = "<group>";
		};
		99CE4D602BC6AA5D0006D435 /* 混合使用 */ = {
			isa = PBXGroup;
			children = (
				99F9E8A52BB5139900D68037 /* MixDecodingViewController.swift */,
			);
			path = "混合使用";
			sourceTree = "<group>";
		};
		99D945882B91C4D500CC6470 /* SpecialData */ = {
			isa = PBXGroup;
			children = (
				99D945892B91C75600CC6470 /* SpecialData_dateViewController.swift */,
				99D9458B2B91C80300CC6470 /* SpecialData_dataViewController.swift */,
				99D9458D2B91C80C00CC6470 /* SpecialData_FloatViewController.swift */,
				9993D6932B91ED9B0089CA68 /* SpecialData_URLViewController.swift */,
				9957743A2BFD95E4003613C5 /* SpecialData_ColorViewController.swift */,
				9993D6992B9208020089CA68 /* SpecialData_EnumViewController.swift */,
				9993D6952B91EEED0089CA68 /* SpecialData_SmartAnyViewController.swift */,
			);
			path = SpecialData;
			sourceTree = "<group>";
		};
		99DA98CB2C05FF7B00891833 /* Arr */ = {
			isa = PBXGroup;
			children = (
				991259F02BFB709F00ED76B5 /* Container_ArrayViewController.swift */,
				99CABA2C2B916E720070DED0 /* Container_ArrayKeylessViewController.swift */,
				99CABA2E2B916E8A0070DED0 /* Container_ArrayNullViewController.swift */,
				99CABA302B916E970070DED0 /* Container_ArrayTypeMismatchViewController.swift */,
				99D945802B9182C800CC6470 /* Container_ArrayNestDictViewController.swift */,
				99D945832B9182C800CC6470 /* Container_ArrayNestArrayViewController.swift */,
			);
			path = Arr;
			sourceTree = "<group>";
		};
		99DA98CC2C05FF7B00891833 /* Dict */ = {
			isa = PBXGroup;
			children = (
				991259EE2BFB6C1000ED76B5 /* Container_DictViewController.swift */,
				99675FED2B3EC930006C83EC /* Container_DictKeylessViewController.swift */,
				99675FE92B3EC930006C83EC /* Container_DictNullViewController.swift */,
				99675FEE2B3EC930006C83EC /* Container_DictTypeMismatchViewController.swift */,
				99D945812B9182C800CC6470 /* Container_DictNestDictViewController.swift */,
				99D945822B9182C800CC6470 /* Container_DictNestArrayViewController.swift */,
			);
			path = Dict;
			sourceTree = "<group>";
		};
/* End PBXGroup section */

/* Begin PBXNativeTarget section */
		607FACCF1AFB9204008FA782 /* SmartCodable_Example */ = {
			isa = PBXNativeTarget;
			buildConfigurationList = 607FACEF1AFB9204008FA782 /* Build configuration list for PBXNativeTarget "SmartCodable_Example" */;
			buildPhases = (
				B76ECA965C70C3909A039CDC /* [CP] Check Pods Manifest.lock */,
				607FACCC1AFB9204008FA782 /* Sources */,
				607FACCD1AFB9204008FA782 /* Frameworks */,
				607FACCE1AFB9204008FA782 /* Resources */,
				C8FDE9BB4BFF9AAF9AFC6C44 /* [CP] Embed Pods Frameworks */,
			);
			buildRules = (
			);
			dependencies = (
			);
			name = SmartCodable_Example;
			productName = SmartCodable;
			productReference = 607FACD01AFB9204008FA782 /* SmartCodable_Example.app */;
			productType = "com.apple.product-type.application";
		};
		607FACE41AFB9204008FA782 /* SmartCodable_Tests */ = {
			isa = PBXNativeTarget;
			buildConfigurationList = 607FACF21AFB9204008FA782 /* Build configuration list for PBXNativeTarget "SmartCodable_Tests" */;
			buildPhases = (
				B4967E2B8D23822D2FEE7FCF /* [CP] Check Pods Manifest.lock */,
				607FACE11AFB9204008FA782 /* Sources */,
				607FACE21AFB9204008FA782 /* Frameworks */,
				607FACE31AFB9204008FA782 /* Resources */,
				CFD3B23A3C4252F548845F8F /* [CP] Embed Pods Frameworks */,
			);
			buildRules = (
			);
			dependencies = (
				607FACE71AFB9204008FA782 /* PBXTargetDependency */,
			);
			name = SmartCodable_Tests;
			productName = Tests;
			productReference = 607FACE51AFB9204008FA782 /* SmartCodable_Tests.xctest */;
			productType = "com.apple.product-type.bundle.unit-test";
		};
/* End PBXNativeTarget section */

/* Begin PBXProject section */
		607FACC81AFB9204008FA782 /* Project object */ = {
			isa = PBXProject;
			attributes = {
				LastSwiftUpdateCheck = 0830;
				LastUpgradeCheck = 0830;
				ORGANIZATIONNAME = CocoaPods;
				TargetAttributes = {
					607FACCF1AFB9204008FA782 = {
						CreatedOnToolsVersion = 6.3.1;
						LastSwiftMigration = 0900;
					};
					607FACE41AFB9204008FA782 = {
						CreatedOnToolsVersion = 6.3.1;
						LastSwiftMigration = 0900;
						TestTargetID = 607FACCF1AFB9204008FA782;
					};
				};
			};
			buildConfigurationList = 607FACCB1AFB9204008FA782 /* Build configuration list for PBXProject "SmartCodable" */;
			compatibilityVersion = "Xcode 3.2";
			developmentRegion = English;
			hasScannedForEncodings = 0;
			knownRegions = (
				English,
				en,
				Base,
			);
			mainGroup = 607FACC71AFB9204008FA782;
			productRefGroup = 607FACD11AFB9204008FA782 /* Products */;
			projectDirPath = "";
			projectRoot = "";
			targets = (
				607FACCF1AFB9204008FA782 /* SmartCodable_Example */,
				607FACE41AFB9204008FA782 /* SmartCodable_Tests */,
			);
		};
/* End PBXProject section */

/* Begin PBXResourcesBuildPhase section */
		607FACCE1AFB9204008FA782 /* Resources */ = {
			isa = PBXResourcesBuildPhase;
			buildActionMask = 2147483647;
			files = (
				99675FD12B3EC822006C83EC /* airports1000.json in Resources */,
				99C1E70D2B99A55E0090E8FD /* 说明信息 in Resources */,
				607FACDB1AFB9204008FA782 /* Main.storyboard in Resources */,
				99675FD52B3EC866006C83EC /* airports1.json in Resources */,
				607FACE01AFB9204008FA782 /* LaunchScreen.xib in Resources */,
				99328D9A2B513A300074036A /* area.json in Resources */,
				99675FD42B3EC863006C83EC /* airports10.json in Resources */,
				607FACDD1AFB9204008FA782 /* Images.xcassets in Resources */,
				99675FD02B3EC750006C83EC /* airports10000.json in Resources */,
				99675FD32B3EC860006C83EC /* airports100.json in Resources */,
			);
			runOnlyForDeploymentPostprocessing = 0;
		};
		607FACE31AFB9204008FA782 /* Resources */ = {
			isa = PBXResourcesBuildPhase;
			buildActionMask = 2147483647;
			files = (
				99AE7D952B3EC02E00B474E5 /* airports1000.json in Resources */,
				99675FD22B3EC851006C83EC /* airports100.json in Resources */,
				99AE7D932B3EC02E00B474E5 /* airports10.json in Resources */,
				99AE7D922B3EC02E00B474E5 /* airports10000.json in Resources */,
				99328D992B5138210074036A /* area.json in Resources */,
				99AE7D902B3EC02E00B474E5 /* airports1.json in Resources */,
			);
			runOnlyForDeploymentPostprocessing = 0;
		};
/* End PBXResourcesBuildPhase section */

/* Begin PBXShellScriptBuildPhase section */
		B4967E2B8D23822D2FEE7FCF /* [CP] Check Pods Manifest.lock */ = {
			isa = PBXShellScriptBuildPhase;
			buildActionMask = 2147483647;
			files = (
			);
			inputFileListPaths = (
			);
			inputPaths = (
				"${PODS_PODFILE_DIR_PATH}/Podfile.lock",
				"${PODS_ROOT}/Manifest.lock",
			);
			name = "[CP] Check Pods Manifest.lock";
			outputFileListPaths = (
			);
			outputPaths = (
				"$(DERIVED_FILE_DIR)/Pods-SmartCodable_Tests-checkManifestLockResult.txt",
			);
			runOnlyForDeploymentPostprocessing = 0;
			shellPath = /bin/sh;
			shellScript = "diff \"${PODS_PODFILE_DIR_PATH}/Podfile.lock\" \"${PODS_ROOT}/Manifest.lock\" > /dev/null\nif [ $? != 0 ] ; then\n    # print error to STDERR\n    echo \"error: The sandbox is not in sync with the Podfile.lock. Run 'pod install' or update your CocoaPods installation.\" >&2\n    exit 1\nfi\n# This output is used by Xcode 'outputs' to avoid re-running this script phase.\necho \"SUCCESS\" > \"${SCRIPT_OUTPUT_FILE_0}\"\n";
			showEnvVarsInLog = 0;
		};
		B76ECA965C70C3909A039CDC /* [CP] Check Pods Manifest.lock */ = {
			isa = PBXShellScriptBuildPhase;
			buildActionMask = 2147483647;
			files = (
			);
			inputFileListPaths = (
			);
			inputPaths = (
				"${PODS_PODFILE_DIR_PATH}/Podfile.lock",
				"${PODS_ROOT}/Manifest.lock",
			);
			name = "[CP] Check Pods Manifest.lock";
			outputFileListPaths = (
			);
			outputPaths = (
				"$(DERIVED_FILE_DIR)/Pods-SmartCodable_Example-checkManifestLockResult.txt",
			);
			runOnlyForDeploymentPostprocessing = 0;
			shellPath = /bin/sh;
			shellScript = "diff \"${PODS_PODFILE_DIR_PATH}/Podfile.lock\" \"${PODS_ROOT}/Manifest.lock\" > /dev/null\nif [ $? != 0 ] ; then\n    # print error to STDERR\n    echo \"error: The sandbox is not in sync with the Podfile.lock. Run 'pod install' or update your CocoaPods installation.\" >&2\n    exit 1\nfi\n# This output is used by Xcode 'outputs' to avoid re-running this script phase.\necho \"SUCCESS\" > \"${SCRIPT_OUTPUT_FILE_0}\"\n";
			showEnvVarsInLog = 0;
		};
		C8FDE9BB4BFF9AAF9AFC6C44 /* [CP] Embed Pods Frameworks */ = {
			isa = PBXShellScriptBuildPhase;
			buildActionMask = 2147483647;
			files = (
			);
			inputPaths = (
				"${PODS_ROOT}/Target Support Files/Pods-SmartCodable_Example/Pods-SmartCodable_Example-frameworks.sh",
				"${BUILT_PRODUCTS_DIR}/BTBubble/BTBubble.framework",
				"${BUILT_PRODUCTS_DIR}/BTPrint/BTPrint.framework",
				"${BUILT_PRODUCTS_DIR}/CleanJSON/CleanJSON.framework",
				"${BUILT_PRODUCTS_DIR}/HandyJSON/HandyJSON.framework",
				"${BUILT_PRODUCTS_DIR}/SQLiteRepairKit/sqliterk.framework",
				"${BUILT_PRODUCTS_DIR}/SmartCodable/SmartCodable.framework",
				"${BUILT_PRODUCTS_DIR}/SnapKit/SnapKit.framework",
				"${BUILT_PRODUCTS_DIR}/WCDB.swift/WCDBSwift.framework",
				"${BUILT_PRODUCTS_DIR}/WCDBOptimizedSQLCipher/sqlcipher.framework",
			);
			name = "[CP] Embed Pods Frameworks";
			outputPaths = (
				"${TARGET_BUILD_DIR}/${FRAMEWORKS_FOLDER_PATH}/BTBubble.framework",
				"${TARGET_BUILD_DIR}/${FRAMEWORKS_FOLDER_PATH}/BTPrint.framework",
				"${TARGET_BUILD_DIR}/${FRAMEWORKS_FOLDER_PATH}/CleanJSON.framework",
				"${TARGET_BUILD_DIR}/${FRAMEWORKS_FOLDER_PATH}/HandyJSON.framework",
				"${TARGET_BUILD_DIR}/${FRAMEWORKS_FOLDER_PATH}/sqliterk.framework",
				"${TARGET_BUILD_DIR}/${FRAMEWORKS_FOLDER_PATH}/SmartCodable.framework",
				"${TARGET_BUILD_DIR}/${FRAMEWORKS_FOLDER_PATH}/SnapKit.framework",
				"${TARGET_BUILD_DIR}/${FRAMEWORKS_FOLDER_PATH}/WCDBSwift.framework",
				"${TARGET_BUILD_DIR}/${FRAMEWORKS_FOLDER_PATH}/sqlcipher.framework",
			);
			runOnlyForDeploymentPostprocessing = 0;
			shellPath = /bin/sh;
			shellScript = "\"${PODS_ROOT}/Target Support Files/Pods-SmartCodable_Example/Pods-SmartCodable_Example-frameworks.sh\"\n";
			showEnvVarsInLog = 0;
		};
		CFD3B23A3C4252F548845F8F /* [CP] Embed Pods Frameworks */ = {
			isa = PBXShellScriptBuildPhase;
			buildActionMask = 2147483647;
			files = (
			);
			inputPaths = (
				"${PODS_ROOT}/Target Support Files/Pods-SmartCodable_Tests/Pods-SmartCodable_Tests-frameworks.sh",
				"${BUILT_PRODUCTS_DIR}/FBSnapshotTestCase/FBSnapshotTestCase.framework",
			);
			name = "[CP] Embed Pods Frameworks";
			outputPaths = (
				"${TARGET_BUILD_DIR}/${FRAMEWORKS_FOLDER_PATH}/FBSnapshotTestCase.framework",
			);
			runOnlyForDeploymentPostprocessing = 0;
			shellPath = /bin/sh;
			shellScript = "\"${PODS_ROOT}/Target Support Files/Pods-SmartCodable_Tests/Pods-SmartCodable_Tests-frameworks.sh\"\n";
			showEnvVarsInLog = 0;
		};
/* End PBXShellScriptBuildPhase section */

/* Begin PBXSourcesBuildPhase section */
		607FACCC1AFB9204008FA782 /* Sources */ = {
			isa = PBXSourcesBuildPhase;
			buildActionMask = 2147483647;
			files = (
				9993D69D2B9215B70089CA68 /* Support_didFinishMappingViewController.swift in Sources */,
				996760252B3EC930006C83EC /* BaseCompatibilityViewController.swift in Sources */,
				996760412B3EC930006C83EC /* Introduce_4ViewController.swift in Sources */,
				996760222B3EC930006C83EC /* DecodingDictLogViewController.swift in Sources */,
				991259ED2BFB5B2000ED76B5 /* BaseData_Int8ViewController.swift in Sources */,
				9993D6A12B9215D00089CA68 /* KeyMapping_firstLetterViewController.swift in Sources */,
				990ECFA92B95A45B003D37F1 /* Support_JSONStringViewController.swift in Sources */,
				999FA2432B99B86A00A2952F /* FinishMappingViewController.swift in Sources */,
				9967602C2B3EC930006C83EC /* Container_DictKeylessViewController.swift in Sources */,
				99CABA312B916E970070DED0 /* Container_ArrayTypeMismatchViewController.swift in Sources */,
				99D945862B9182C800CC6470 /* Container_DictNestArrayViewController.swift in Sources */,
				9955576E2BE0DCC6005F9ABD /* Introduce_10ViewController.swift in Sources */,
				996760272B3EC930006C83EC /* BaseData_FloatViewController.swift in Sources */,
				99CE4D542BC6905E0006D435 /* Introduce_5ViewController.swift in Sources */,
				996760352B3EC930006C83EC /* CaseThreeViewController.swift in Sources */,
				99CE4D642BC6AB8B0006D435 /* Introduce_9ViewController.swift in Sources */,
				996760472B3EC930006C83EC /* FloatDecodingStrategyViewController.swift in Sources */,
				996760482B3EC930006C83EC /* DateDecodingStrategyViewController.swift in Sources */,
				99D945842B9182C800CC6470 /* Container_ArrayNestDictViewController.swift in Sources */,
				99D945852B9182C800CC6470 /* Container_DictNestDictViewController.swift in Sources */,
				996760212B3EC930006C83EC /* ArraySafe.swift in Sources */,
				99CE4D5D2BC699D10006D435 /* BeforeDecodingViewController.swift in Sources */,
				996760292B3EC930006C83EC /* BaseData_StringViewController.swift in Sources */,
				996760402B3EC930006C83EC /* Introduce_3ViewController.swift in Sources */,
				9956B9B92BD92D1900C711F5 /* DecodingArrayLogViewController.swift in Sources */,
				9967604A2B3EC930006C83EC /* BaseViewController.swift in Sources */,
				9967601B2B3EC930006C83EC /* ViewController.swift in Sources */,
				9967603F2B3EC930006C83EC /* Introduce_1ViewController.swift in Sources */,
				9967602B2B3EC930006C83EC /* Introduce_8ViewController.swift in Sources */,
				99CE4D662BC6AFC90006D435 /* IntroduceViewController.swift in Sources */,
				99153D772BD1124C004C01AD /* Test3ViewController.swift in Sources */,
				991452AA2BB50B2A00970575 /* KeyDecodingStrategyViewController.swift in Sources */,
				99CE4D522BC687700006D435 /* Test2ViewController.swift in Sources */,
				99C313342B99C32A0065FC45 /* Introduce_7ViewController.swift in Sources */,
				99C3138C2B9B38910065FC45 /* ComplexDataStructureCell.swift in Sources */,
				996760382B3EC930006C83EC /* CaseTwoViewController.swift in Sources */,
				99D945872B9182C800CC6470 /* Container_ArrayNestArrayViewController.swift in Sources */,
				996760462B3EC930006C83EC /* DataDecodingStrategyViewController.swift in Sources */,
				99CABA2F2B916E8A0070DED0 /* Container_ArrayNullViewController.swift in Sources */,
				996760392B3EC930006C83EC /* CaseFourViewController.swift in Sources */,
				99C3138E2B9B38910065FC45 /* CaseSevenViewController.swift in Sources */,
				993822D42B5E52C0007D3268 /* BaseTwoViewController.swift in Sources */,
				99D9458A2B91C75600CC6470 /* SpecialData_dateViewController.swift in Sources */,
				9967601C2B3EC930006C83EC /* NSDictionary+Extension.swift in Sources */,
				99C313332B99C32A0065FC45 /* Introduce_6ViewController.swift in Sources */,
				9957743B2BFD95E4003613C5 /* SpecialData_ColorViewController.swift in Sources */,
				99CABA292B906A640070DED0 /* TestCaseViewController.swift in Sources */,
				607FACD61AFB9204008FA782 /* AppDelegate.swift in Sources */,
				9967603A2B3EC930006C83EC /* Introduce_2ViewController.swift in Sources */,
				99CE4D622BC6AA780006D435 /* CustomDecodingValueViewContriller.swift in Sources */,
				9967604C2B3EC930006C83EC /* CaseSixViewController.swift in Sources */,
				9902B4D22BB2F6BB00310E69 /* ReplaceHandyJSON_2ViewController.swift in Sources */,
				991259EF2BFB6C1000ED76B5 /* Container_DictViewController.swift in Sources */,
				9967602D2B3EC930006C83EC /* Container_DictTypeMismatchViewController.swift in Sources */,
				996760282B3EC930006C83EC /* Container_DictNullViewController.swift in Sources */,
				9902B4D02BB2F36000310E69 /* ReplaceHandyJSON_1ViewController.swift in Sources */,
				991259F12BFB709F00ED76B5 /* Container_ArrayViewController.swift in Sources */,
				99F9E8A62BB5139900D68037 /* MixDecodingViewController.swift in Sources */,
				9902B4DA2BB3010C00310E69 /* ReplaceHandyJSON_5ViewController.swift in Sources */,
				9993D6922B91DF3D0089CA68 /* Data+Extension.swift in Sources */,
				99D9458E2B91C80C00CC6470 /* SpecialData_FloatViewController.swift in Sources */,
				99C3138D2B9B38910065FC45 /* ComplexDataStructureModel.swift in Sources */,
				99CE4D592BC6973B0006D435 /* DecodingStrategyViewController.swift in Sources */,
				9967601F2B3EC930006C83EC /* TestViewController.swift in Sources */,
				99CE4D5F2BC6A86E0006D435 /* CustomDecodingKeyViewContriller.swift in Sources */,
				9902B4D82BB2FF0500310E69 /* ReplaceHandyJSON_4ViewController.swift in Sources */,
				9993D69A2B9208020089CA68 /* SpecialData_EnumViewController.swift in Sources */,
				9993D6942B91ED9B0089CA68 /* SpecialData_URLViewController.swift in Sources */,
				99C3138F2B9B38910065FC45 /* ComplexDataStructureSectionHeader.swift in Sources */,
				9993D6962B91EEED0089CA68 /* SpecialData_SmartAnyViewController.swift in Sources */,
				996760362B3EC930006C83EC /* CaseFiveViewController.swift in Sources */,
				9967602A2B3EC930006C83EC /* BaseData_IntViewController.swift in Sources */,
				991259F32BFC3E4D00ED76B5 /* BaseData_DateViewController.swift in Sources */,
				99D9458C2B91C80300CC6470 /* SpecialData_dataViewController.swift in Sources */,
				996760202B3EC930006C83EC /* UITableView+Reusable.swift in Sources */,
				99CABA2D2B916E720070DED0 /* Container_ArrayKeylessViewController.swift in Sources */,
				9902B4D42BB2F7F300310E69 /* ReplaceHandyJSON_3ViewController.swift in Sources */,
				9902B4D62BB2F8F800310E69 /* ReplaceHandyJSONViewController.swift in Sources */,
				996760242B3EC930006C83EC /* BaseData_BoolViewController.swift in Sources */,
				996760372B3EC930006C83EC /* CaseOneViewController.swift in Sources */,
				9902B4DC2BB304B400310E69 /* ReplaceHandyJSON_6ViewController.swift in Sources */,
			);
			runOnlyForDeploymentPostprocessing = 0;
		};
		607FACE11AFB9204008FA782 /* Sources */ = {
			isa = PBXSourcesBuildPhase;
			buildActionMask = 2147483647;
			files = (
				99D17BBA2B9F0CF9008ADAAB /* PerformanceTest.swift in Sources */,
				99328D972B5138170074036A /* AreaTest.swift in Sources */,
				607FACEC1AFB9204008FA782 /* Tests.swift in Sources */,
			);
			runOnlyForDeploymentPostprocessing = 0;
		};
/* End PBXSourcesBuildPhase section */

/* Begin PBXTargetDependency section */
		607FACE71AFB9204008FA782 /* PBXTargetDependency */ = {
			isa = PBXTargetDependency;
			target = 607FACCF1AFB9204008FA782 /* SmartCodable_Example */;
			targetProxy = 607FACE61AFB9204008FA782 /* PBXContainerItemProxy */;
		};
/* End PBXTargetDependency section */

/* Begin PBXVariantGroup section */
		607FACD91AFB9204008FA782 /* Main.storyboard */ = {
			isa = PBXVariantGroup;
			children = (
				607FACDA1AFB9204008FA782 /* Base */,
			);
			name = Main.storyboard;
			sourceTree = "<group>";
		};
		607FACDE1AFB9204008FA782 /* LaunchScreen.xib */ = {
			isa = PBXVariantGroup;
			children = (
				607FACDF1AFB9204008FA782 /* Base */,
			);
			name = LaunchScreen.xib;
			sourceTree = "<group>";
		};
/* End PBXVariantGroup section */

/* Begin XCBuildConfiguration section */
		607FACED1AFB9204008FA782 /* Debug */ = {
			isa = XCBuildConfiguration;
			buildSettings = {
				ALWAYS_SEARCH_USER_PATHS = NO;
				CLANG_CXX_LANGUAGE_STANDARD = "gnu++0x";
				CLANG_CXX_LIBRARY = "libc++";
				CLANG_ENABLE_MODULES = YES;
				CLANG_ENABLE_OBJC_ARC = YES;
				CLANG_WARN_BLOCK_CAPTURE_AUTORELEASING = YES;
				CLANG_WARN_BOOL_CONVERSION = YES;
				CLANG_WARN_COMMA = YES;
				CLANG_WARN_CONSTANT_CONVERSION = YES;
				CLANG_WARN_DIRECT_OBJC_ISA_USAGE = YES_ERROR;
				CLANG_WARN_EMPTY_BODY = YES;
				CLANG_WARN_ENUM_CONVERSION = YES;
				CLANG_WARN_INFINITE_RECURSION = YES;
				CLANG_WARN_INT_CONVERSION = YES;
				CLANG_WARN_NON_LITERAL_NULL_CONVERSION = YES;
				CLANG_WARN_OBJC_LITERAL_CONVERSION = YES;
				CLANG_WARN_OBJC_ROOT_CLASS = YES_ERROR;
				CLANG_WARN_RANGE_LOOP_ANALYSIS = YES;
				CLANG_WARN_STRICT_PROTOTYPES = YES;
				CLANG_WARN_SUSPICIOUS_MOVE = YES;
				CLANG_WARN_UNREACHABLE_CODE = YES;
				CLANG_WARN__DUPLICATE_METHOD_MATCH = YES;
				"CODE_SIGN_IDENTITY[sdk=iphoneos*]" = "iPhone Developer";
				COPY_PHASE_STRIP = NO;
				DEBUG_INFORMATION_FORMAT = "dwarf-with-dsym";
				ENABLE_STRICT_OBJC_MSGSEND = YES;
				ENABLE_TESTABILITY = YES;
				GCC_C_LANGUAGE_STANDARD = gnu99;
				GCC_DYNAMIC_NO_PIC = NO;
				GCC_NO_COMMON_BLOCKS = YES;
				GCC_OPTIMIZATION_LEVEL = 0;
				GCC_PREPROCESSOR_DEFINITIONS = (
					"DEBUG=1",
					"$(inherited)",
				);
				GCC_SYMBOLS_PRIVATE_EXTERN = NO;
				GCC_WARN_64_TO_32_BIT_CONVERSION = YES;
				GCC_WARN_ABOUT_RETURN_TYPE = YES_ERROR;
				GCC_WARN_UNDECLARED_SELECTOR = YES;
				GCC_WARN_UNINITIALIZED_AUTOS = YES_AGGRESSIVE;
				GCC_WARN_UNUSED_FUNCTION = YES;
				GCC_WARN_UNUSED_VARIABLE = YES;
				IPHONEOS_DEPLOYMENT_TARGET = 13.0;
				MTL_ENABLE_DEBUG_INFO = YES;
				ONLY_ACTIVE_ARCH = YES;
				SDKROOT = iphoneos;
				SWIFT_OPTIMIZATION_LEVEL = "-Onone";
			};
			name = Debug;
		};
		607FACEE1AFB9204008FA782 /* Release */ = {
			isa = XCBuildConfiguration;
			buildSettings = {
				ALWAYS_SEARCH_USER_PATHS = NO;
				CLANG_CXX_LANGUAGE_STANDARD = "gnu++0x";
				CLANG_CXX_LIBRARY = "libc++";
				CLANG_ENABLE_MODULES = YES;
				CLANG_ENABLE_OBJC_ARC = YES;
				CLANG_WARN_BLOCK_CAPTURE_AUTORELEASING = YES;
				CLANG_WARN_BOOL_CONVERSION = YES;
				CLANG_WARN_COMMA = YES;
				CLANG_WARN_CONSTANT_CONVERSION = YES;
				CLANG_WARN_DIRECT_OBJC_ISA_USAGE = YES_ERROR;
				CLANG_WARN_EMPTY_BODY = YES;
				CLANG_WARN_ENUM_CONVERSION = YES;
				CLANG_WARN_INFINITE_RECURSION = YES;
				CLANG_WARN_INT_CONVERSION = YES;
				CLANG_WARN_NON_LITERAL_NULL_CONVERSION = YES;
				CLANG_WARN_OBJC_LITERAL_CONVERSION = YES;
				CLANG_WARN_OBJC_ROOT_CLASS = YES_ERROR;
				CLANG_WARN_RANGE_LOOP_ANALYSIS = YES;
				CLANG_WARN_STRICT_PROTOTYPES = YES;
				CLANG_WARN_SUSPICIOUS_MOVE = YES;
				CLANG_WARN_UNREACHABLE_CODE = YES;
				CLANG_WARN__DUPLICATE_METHOD_MATCH = YES;
				"CODE_SIGN_IDENTITY[sdk=iphoneos*]" = "iPhone Developer";
				COPY_PHASE_STRIP = NO;
				DEBUG_INFORMATION_FORMAT = "dwarf-with-dsym";
				ENABLE_NS_ASSERTIONS = NO;
				ENABLE_STRICT_OBJC_MSGSEND = YES;
				GCC_C_LANGUAGE_STANDARD = gnu99;
				GCC_NO_COMMON_BLOCKS = YES;
				GCC_WARN_64_TO_32_BIT_CONVERSION = YES;
				GCC_WARN_ABOUT_RETURN_TYPE = YES_ERROR;
				GCC_WARN_UNDECLARED_SELECTOR = YES;
				GCC_WARN_UNINITIALIZED_AUTOS = YES_AGGRESSIVE;
				GCC_WARN_UNUSED_FUNCTION = YES;
				GCC_WARN_UNUSED_VARIABLE = YES;
				IPHONEOS_DEPLOYMENT_TARGET = 13.0;
				MTL_ENABLE_DEBUG_INFO = NO;
				SDKROOT = iphoneos;
				SWIFT_OPTIMIZATION_LEVEL = "-Owholemodule";
				VALIDATE_PRODUCT = YES;
			};
			name = Release;
		};
		607FACF01AFB9204008FA782 /* Debug */ = {
			isa = XCBuildConfiguration;
			baseConfigurationReference = BC656B63C9031B22DEB5C8EB /* Pods-SmartCodable_Example.debug.xcconfig */;
			buildSettings = {
				ASSETCATALOG_COMPILER_APPICON_NAME = AppIcon;
				INFOPLIST_FILE = SmartCodable/Info.plist;
				IPHONEOS_DEPLOYMENT_TARGET = 13.0;
				LD_RUNPATH_SEARCH_PATHS = "$(inherited) @executable_path/Frameworks";
				MODULE_NAME = ExampleApp;
				PRODUCT_BUNDLE_IDENTIFIER = "org.cocoapods.demo.$(PRODUCT_NAME:rfc1034identifier)";
				PRODUCT_NAME = "$(TARGET_NAME)";
				SWIFT_SWIFT3_OBJC_INFERENCE = Default;
				SWIFT_VERSION = 4.0;
			};
			name = Debug;
		};
		607FACF11AFB9204008FA782 /* Release */ = {
			isa = XCBuildConfiguration;
			baseConfigurationReference = AD8215B5E8E50F277C1C4356 /* Pods-SmartCodable_Example.release.xcconfig */;
			buildSettings = {
				ASSETCATALOG_COMPILER_APPICON_NAME = AppIcon;
				INFOPLIST_FILE = SmartCodable/Info.plist;
				IPHONEOS_DEPLOYMENT_TARGET = 13.0;
				LD_RUNPATH_SEARCH_PATHS = "$(inherited) @executable_path/Frameworks";
				MODULE_NAME = ExampleApp;
				PRODUCT_BUNDLE_IDENTIFIER = "org.cocoapods.demo.$(PRODUCT_NAME:rfc1034identifier)";
				PRODUCT_NAME = "$(TARGET_NAME)";
				SWIFT_SWIFT3_OBJC_INFERENCE = Default;
				SWIFT_VERSION = 4.0;
			};
			name = Release;
		};
		607FACF31AFB9204008FA782 /* Debug */ = {
			isa = XCBuildConfiguration;
			baseConfigurationReference = DB7246035010143E03C7616B /* Pods-SmartCodable_Tests.debug.xcconfig */;
			buildSettings = {
				FRAMEWORK_SEARCH_PATHS = (
					"$(PLATFORM_DIR)/Developer/Library/Frameworks",
					"$(inherited)",
				);
				GCC_PREPROCESSOR_DEFINITIONS = (
					"DEBUG=1",
					"$(inherited)",
				);
				INFOPLIST_FILE = Tests/Info.plist;
				IPHONEOS_DEPLOYMENT_TARGET = 13.0;
				LD_RUNPATH_SEARCH_PATHS = "$(inherited) @executable_path/Frameworks @loader_path/Frameworks";
				PRODUCT_BUNDLE_IDENTIFIER = "org.cocoapods.$(PRODUCT_NAME:rfc1034identifier)";
				PRODUCT_NAME = "$(TARGET_NAME)";
				SWIFT_SWIFT3_OBJC_INFERENCE = Default;
				SWIFT_VERSION = 4.0;
				TEST_HOST = "$(BUILT_PRODUCTS_DIR)/SmartCodable_Example.app/SmartCodable_Example";
			};
			name = Debug;
		};
		607FACF41AFB9204008FA782 /* Release */ = {
			isa = XCBuildConfiguration;
			baseConfigurationReference = AFEADC35BC2373F1DC69B73B /* Pods-SmartCodable_Tests.release.xcconfig */;
			buildSettings = {
				FRAMEWORK_SEARCH_PATHS = (
					"$(PLATFORM_DIR)/Developer/Library/Frameworks",
					"$(inherited)",
				);
				INFOPLIST_FILE = Tests/Info.plist;
				IPHONEOS_DEPLOYMENT_TARGET = 13.0;
				LD_RUNPATH_SEARCH_PATHS = "$(inherited) @executable_path/Frameworks @loader_path/Frameworks";
				PRODUCT_BUNDLE_IDENTIFIER = "org.cocoapods.$(PRODUCT_NAME:rfc1034identifier)";
				PRODUCT_NAME = "$(TARGET_NAME)";
				SWIFT_SWIFT3_OBJC_INFERENCE = Default;
				SWIFT_VERSION = 4.0;
				TEST_HOST = "$(BUILT_PRODUCTS_DIR)/SmartCodable_Example.app/SmartCodable_Example";
			};
			name = Release;
		};
/* End XCBuildConfiguration section */

/* Begin XCConfigurationList section */
		607FACCB1AFB9204008FA782 /* Build configuration list for PBXProject "SmartCodable" */ = {
			isa = XCConfigurationList;
			buildConfigurations = (
				607FACED1AFB9204008FA782 /* Debug */,
				607FACEE1AFB9204008FA782 /* Release */,
			);
			defaultConfigurationIsVisible = 0;
			defaultConfigurationName = Release;
		};
		607FACEF1AFB9204008FA782 /* Build configuration list for PBXNativeTarget "SmartCodable_Example" */ = {
			isa = XCConfigurationList;
			buildConfigurations = (
				607FACF01AFB9204008FA782 /* Debug */,
				607FACF11AFB9204008FA782 /* Release */,
			);
			defaultConfigurationIsVisible = 0;
			defaultConfigurationName = Release;
		};
		607FACF21AFB9204008FA782 /* Build configuration list for PBXNativeTarget "SmartCodable_Tests" */ = {
			isa = XCConfigurationList;
			buildConfigurations = (
				607FACF31AFB9204008FA782 /* Debug */,
				607FACF41AFB9204008FA782 /* Release */,
			);
			defaultConfigurationIsVisible = 0;
			defaultConfigurationName = Release;
		};
/* End XCConfigurationList section */
	};
	rootObject = 607FACC81AFB9204008FA782 /* Project object */;
}
