// !$*UTF8*$!
{
	archiveVersion = 1;
	classes = {
	};
	objectVersion = 46;
	objects = {

/* Begin PBXBuildFile section */
		35D0C050B5DD0D593B4C7389 /* Pods_SmartCodable_Example.framework in Frameworks */ = {isa = PBXBuildFile; fileRef = 95E07B9A67E17CE3A8DB88D1 /* Pods_SmartCodable_Example.framework */; };
		607FACD61AFB9204008FA782 /* AppDelegate.swift in Sources */ = {isa = PBXBuildFile; fileRef = 607FACD51AFB9204008FA782 /* AppDelegate.swift */; };
		607FACD81AFB9204008FA782 /* ViewController.swift in Sources */ = {isa = PBXBuildFile; fileRef = 607FACD71AFB9204008FA782 /* ViewController.swift */; };
		607FACDB1AFB9204008FA782 /* Main.storyboard in Resources */ = {isa = PBXBuildFile; fileRef = 607FACD91AFB9204008FA782 /* Main.storyboard */; };
		607FACDD1AFB9204008FA782 /* Images.xcassets in Resources */ = {isa = PBXBuildFile; fileRef = 607FACDC1AFB9204008FA782 /* Images.xcassets */; };
		607FACE01AFB9204008FA782 /* LaunchScreen.xib in Resources */ = {isa = PBXBuildFile; fileRef = 607FACDE1AFB9204008FA782 /* LaunchScreen.xib */; };
		99079A872AEBCC98009A1ED3 /* CompatibleSampleOneViewController.swift in Sources */ = {isa = PBXBuildFile; fileRef = 99079A862AEBCC98009A1ED3 /* CompatibleSampleOneViewController.swift */; };
		99079A892AEBCDA1009A1ED3 /* CompatibleSampleThreeViewController.swift in Sources */ = {isa = PBXBuildFile; fileRef = 99079A882AEBCDA1009A1ED3 /* CompatibleSampleThreeViewController.swift */; };
		99079A8B2AEBD4E6009A1ED3 /* CompatibleSampleTwoViewController.swift in Sources */ = {isa = PBXBuildFile; fileRef = 99079A8A2AEBD4E6009A1ED3 /* CompatibleSampleTwoViewController.swift */; };
		99079A8D2AEBD623009A1ED3 /* CompatibleSampleFourViewController.swift in Sources */ = {isa = PBXBuildFile; fileRef = 99079A8C2AEBD623009A1ED3 /* CompatibleSampleFourViewController.swift */; };
		99079A912AEBD732009A1ED3 /* BTPrint.swift in Sources */ = {isa = PBXBuildFile; fileRef = 99079A8F2AEBD732009A1ED3 /* BTPrint.swift */; };
		99079A922AEBD732009A1ED3 /* PrintFormat.swift in Sources */ = {isa = PBXBuildFile; fileRef = 99079A902AEBD732009A1ED3 /* PrintFormat.swift */; };
		99079A942AEBE05E009A1ED3 /* CompatibleSampleFiveViewController.swift in Sources */ = {isa = PBXBuildFile; fileRef = 99079A932AEBE05E009A1ED3 /* CompatibleSampleFiveViewController.swift */; };
		9930EFD42AA1898500F48622 /* TestViewController.swift in Sources */ = {isa = PBXBuildFile; fileRef = 9930EFD32AA1898500F48622 /* TestViewController.swift */; };
		9930EFD82AA1950800F48622 /* CompatibleKeylessViewController.swift in Sources */ = {isa = PBXBuildFile; fileRef = 9930EFD72AA1950800F48622 /* CompatibleKeylessViewController.swift */; };
		9930EFDA2AA1C0F700F48622 /* CompatibleTypeMismatchViewController.swift in Sources */ = {isa = PBXBuildFile; fileRef = 9930EFD92AA1C0F700F48622 /* CompatibleTypeMismatchViewController.swift */; };
		99373B302AEBEC8B008CB2F5 /* CompatibleSampleSixViewController.swift in Sources */ = {isa = PBXBuildFile; fileRef = 99373B2F2AEBEC8B008CB2F5 /* CompatibleSampleSixViewController.swift */; };
		99373B322AEBF22C008CB2F5 /* CaseTwoViewController.swift in Sources */ = {isa = PBXBuildFile; fileRef = 99373B312AEBF22C008CB2F5 /* CaseTwoViewController.swift */; };
		9973EC212AD3A6C50085D782 /* NSDictionary+Extension.swift in Sources */ = {isa = PBXBuildFile; fileRef = 9973EC202AD3A6C50085D782 /* NSDictionary+Extension.swift */; };
		9973EC232AD3A7210085D782 /* UITableView+Reusable.swift in Sources */ = {isa = PBXBuildFile; fileRef = 9973EC222AD3A7210085D782 /* UITableView+Reusable.swift */; };
		9973EC252AD3A73C0085D782 /* ArraySafe.swift in Sources */ = {isa = PBXBuildFile; fileRef = 9973EC242AD3A73C0085D782 /* ArraySafe.swift */; };
		997CB1D22AA7298800A2077D /* BaseCompatibilityViewController.swift in Sources */ = {isa = PBXBuildFile; fileRef = 997CB1D12AA7298800A2077D /* BaseCompatibilityViewController.swift */; };
		997CB1D42AA72E7C00A2077D /* CompatibleClassViewController.swift in Sources */ = {isa = PBXBuildFile; fileRef = 997CB1D32AA72E7C00A2077D /* CompatibleClassViewController.swift */; };
		997CB1D62AA82AF100A2077D /* DictionaryAndModelViewController.swift in Sources */ = {isa = PBXBuildFile; fileRef = 997CB1D52AA82AF100A2077D /* DictionaryAndModelViewController.swift */; };
		997CB1D82AA8316600A2077D /* ArrayAndModelViewController.swift in Sources */ = {isa = PBXBuildFile; fileRef = 997CB1D72AA8316600A2077D /* ArrayAndModelViewController.swift */; };
		997CB1DD2AA8681C00A2077D /* ComplexDataStructureModel.swift in Sources */ = {isa = PBXBuildFile; fileRef = 997CB1DC2AA8681C00A2077D /* ComplexDataStructureModel.swift */; };
		997CB1DF2AA8682300A2077D /* ComplexDataStructureCell.swift in Sources */ = {isa = PBXBuildFile; fileRef = 997CB1DE2AA8682300A2077D /* ComplexDataStructureCell.swift */; };
		997CB1E12AA86E9800A2077D /* ComplexDataStructureSectionHeader.swift in Sources */ = {isa = PBXBuildFile; fileRef = 997CB1E02AA86E9800A2077D /* ComplexDataStructureSectionHeader.swift */; };
		997CB2052AAABD2200A2077D /* OptionalPropertyViewController.swift in Sources */ = {isa = PBXBuildFile; fileRef = 997CB2042AAABD2200A2077D /* OptionalPropertyViewController.swift */; };
		997CB2072AAABE6C00A2077D /* SimpleSmartCodableViewController.swift in Sources */ = {isa = PBXBuildFile; fileRef = 997CB2062AAABE6C00A2077D /* SimpleSmartCodableViewController.swift */; };
		997CB20A2AAB163800A2077D /* InvalidDefaultValueController.swift in Sources */ = {isa = PBXBuildFile; fileRef = 997CB2092AAB163800A2077D /* InvalidDefaultValueController.swift */; };
		998104882B18B655001E7A40 /* CaseFiveViewController.swift in Sources */ = {isa = PBXBuildFile; fileRef = 998104872B18B655001E7A40 /* CaseFiveViewController.swift */; };
		99925F232AA1EA750057934B /* CompatibleEmptyObjectViewController.swift in Sources */ = {isa = PBXBuildFile; fileRef = 99925F222AA1EA750057934B /* CompatibleEmptyObjectViewController.swift */; };
		99925F252AA1F4110057934B /* CompatibleNullViewController.swift in Sources */ = {isa = PBXBuildFile; fileRef = 99925F242AA1F4110057934B /* CompatibleNullViewController.swift */; };
		99925F282AA202800057934B /* CompatibleFloatViewController.swift in Sources */ = {isa = PBXBuildFile; fileRef = 99925F272AA202800057934B /* CompatibleFloatViewController.swift */; };
		99925F2A2AA203DC0057934B /* CompatibleBoolViewController.swift in Sources */ = {isa = PBXBuildFile; fileRef = 99925F292AA203DC0057934B /* CompatibleBoolViewController.swift */; };
		99925F2C2AA203EA0057934B /* CompatibleIntViewController.swift in Sources */ = {isa = PBXBuildFile; fileRef = 99925F2B2AA203EA0057934B /* CompatibleIntViewController.swift */; };
		99925F2E2AA203F80057934B /* CompatibleStringViewController.swift in Sources */ = {isa = PBXBuildFile; fileRef = 99925F2D2AA203F80057934B /* CompatibleStringViewController.swift */; };
		999537D62AB164A800BA6512 /* CaseOneViewController.swift in Sources */ = {isa = PBXBuildFile; fileRef = 999537D52AB164A700BA6512 /* CaseOneViewController.swift */; };
		99AA64682A95B94D00BCA1D9 /* BaseViewController.swift in Sources */ = {isa = PBXBuildFile; fileRef = 99AA645B2A95B94D00BCA1D9 /* BaseViewController.swift */; };
		99AA64692A95B94D00BCA1D9 /* CodableMatchingStructureViewController.swift in Sources */ = {isa = PBXBuildFile; fileRef = 99AA645D2A95B94D00BCA1D9 /* CodableMatchingStructureViewController.swift */; };
		99AA646A2A95B94D00BCA1D9 /* CodableDecodingStrategyViewController.swift in Sources */ = {isa = PBXBuildFile; fileRef = 99AA645E2A95B94D00BCA1D9 /* CodableDecodingStrategyViewController.swift */; };
		99AA646B2A95B94D00BCA1D9 /* CodableBaseViewController.swift in Sources */ = {isa = PBXBuildFile; fileRef = 99AA645F2A95B94D00BCA1D9 /* CodableBaseViewController.swift */; };
		99AA646C2A95B94D00BCA1D9 /* CompatibleEnumViewController.swift in Sources */ = {isa = PBXBuildFile; fileRef = 99AA64612A95B94D00BCA1D9 /* CompatibleEnumViewController.swift */; };
		99AA646E2A95B94D00BCA1D9 /* DecodeErrorPrintViewController.swift in Sources */ = {isa = PBXBuildFile; fileRef = 99AA64632A95B94D00BCA1D9 /* DecodeErrorPrintViewController.swift */; };
		99AA64702A95B94D00BCA1D9 /* ComplexDataStructureViewController.swift in Sources */ = {isa = PBXBuildFile; fileRef = 99AA64652A95B94D00BCA1D9 /* ComplexDataStructureViewController.swift */; };
		99AA64752A95DDC800BCA1D9 /* FinishMappingViewController.swift in Sources */ = {isa = PBXBuildFile; fileRef = 99AA64742A95DDC800BCA1D9 /* FinishMappingViewController.swift */; };
		99AA64772A95EB7F00BCA1D9 /* AboutAnyViewController.swift in Sources */ = {isa = PBXBuildFile; fileRef = 99AA64762A95EB7F00BCA1D9 /* AboutAnyViewController.swift */; };
		99AA64792A9C7A9500BCA1D9 /* CodableComplex_oneViewController.swift in Sources */ = {isa = PBXBuildFile; fileRef = 99AA64782A9C7A9500BCA1D9 /* CodableComplex_oneViewController.swift */; };
		99AC4A0F2B0DF0B10086590D /* CaseThreeViewController.swift in Sources */ = {isa = PBXBuildFile; fileRef = 99AC4A0E2B0DF0B10086590D /* CaseThreeViewController.swift */; };
		99AC4A112B0E079D0086590D /* CaseFourViewController.swift in Sources */ = {isa = PBXBuildFile; fileRef = 99AC4A102B0E079D0086590D /* CaseFourViewController.swift */; };
		99D97B092B18C9BF00F55E81 /* KeyDecodingStrategyViewController.swift in Sources */ = {isa = PBXBuildFile; fileRef = 99D97B082B18C9BF00F55E81 /* KeyDecodingStrategyViewController.swift */; };
		99D97B0B2B18CA6800F55E81 /* DateDecodingStrategyViewController.swift in Sources */ = {isa = PBXBuildFile; fileRef = 99D97B0A2B18CA6800F55E81 /* DateDecodingStrategyViewController.swift */; };
		99D97B0D2B18CA7500F55E81 /* DataDecodingStrategyViewController.swift in Sources */ = {isa = PBXBuildFile; fileRef = 99D97B0C2B18CA7500F55E81 /* DataDecodingStrategyViewController.swift */; };
		99D97B0F2B18CA8300F55E81 /* FloatDecodingStrategyViewController.swift in Sources */ = {isa = PBXBuildFile; fileRef = 99D97B0E2B18CA8300F55E81 /* FloatDecodingStrategyViewController.swift */; };
/* End PBXBuildFile section */

/* Begin PBXFileReference section */
		1555673ADBD4A593CFFCBF4A /* Pods-SmartCodable_Example.debug.xcconfig */ = {isa = PBXFileReference; includeInIndex = 1; lastKnownFileType = text.xcconfig; name = "Pods-SmartCodable_Example.debug.xcconfig"; path = "Target Support Files/Pods-SmartCodable_Example/Pods-SmartCodable_Example.debug.xcconfig"; sourceTree = "<group>"; };
		3C9A3891AAACBD9A371F3F79 /* Pods-SmartCodable_Example.release.xcconfig */ = {isa = PBXFileReference; includeInIndex = 1; lastKnownFileType = text.xcconfig; name = "Pods-SmartCodable_Example.release.xcconfig"; path = "Target Support Files/Pods-SmartCodable_Example/Pods-SmartCodable_Example.release.xcconfig"; sourceTree = "<group>"; };
		607FACD01AFB9204008FA782 /* 数据解析.app */ = {isa = PBXFileReference; explicitFileType = wrapper.application; includeInIndex = 0; path = "数据解析.app"; sourceTree = BUILT_PRODUCTS_DIR; };
		607FACD41AFB9204008FA782 /* Info.plist */ = {isa = PBXFileReference; lastKnownFileType = text.plist.xml; path = Info.plist; sourceTree = "<group>"; };
		607FACD51AFB9204008FA782 /* AppDelegate.swift */ = {isa = PBXFileReference; lastKnownFileType = sourcecode.swift; path = AppDelegate.swift; sourceTree = "<group>"; };
		607FACD71AFB9204008FA782 /* ViewController.swift */ = {isa = PBXFileReference; lastKnownFileType = sourcecode.swift; path = ViewController.swift; sourceTree = "<group>"; };
		607FACDA1AFB9204008FA782 /* Base */ = {isa = PBXFileReference; lastKnownFileType = file.storyboard; name = Base; path = Base.lproj/Main.storyboard; sourceTree = "<group>"; };
		607FACDC1AFB9204008FA782 /* Images.xcassets */ = {isa = PBXFileReference; lastKnownFileType = folder.assetcatalog; path = Images.xcassets; sourceTree = "<group>"; };
		607FACDF1AFB9204008FA782 /* Base */ = {isa = PBXFileReference; lastKnownFileType = file.xib; name = Base; path = Base.lproj/LaunchScreen.xib; sourceTree = "<group>"; };
		607FACEA1AFB9204008FA782 /* Info.plist */ = {isa = PBXFileReference; lastKnownFileType = text.plist.xml; path = Info.plist; sourceTree = "<group>"; };
		607FACEB1AFB9204008FA782 /* Tests.swift */ = {isa = PBXFileReference; lastKnownFileType = sourcecode.swift; path = Tests.swift; sourceTree = "<group>"; };
		68BE8FF9CD850E3714EC8D0D /* Pods-SmartCodable_Tests.release.xcconfig */ = {isa = PBXFileReference; includeInIndex = 1; lastKnownFileType = text.xcconfig; name = "Pods-SmartCodable_Tests.release.xcconfig"; path = "Target Support Files/Pods-SmartCodable_Tests/Pods-SmartCodable_Tests.release.xcconfig"; sourceTree = "<group>"; };
		6C7219316AB42098EFAE233B /* LICENSE */ = {isa = PBXFileReference; includeInIndex = 1; lastKnownFileType = text; name = LICENSE; path = ../LICENSE; sourceTree = "<group>"; };
		95E07B9A67E17CE3A8DB88D1 /* Pods_SmartCodable_Example.framework */ = {isa = PBXFileReference; explicitFileType = wrapper.framework; includeInIndex = 0; path = Pods_SmartCodable_Example.framework; sourceTree = BUILT_PRODUCTS_DIR; };
		978E5B1486124E44C742BB4D /* Pods-SmartCodable_Tests.debug.xcconfig */ = {isa = PBXFileReference; includeInIndex = 1; lastKnownFileType = text.xcconfig; name = "Pods-SmartCodable_Tests.debug.xcconfig"; path = "Target Support Files/Pods-SmartCodable_Tests/Pods-SmartCodable_Tests.debug.xcconfig"; sourceTree = "<group>"; };
		99079A862AEBCC98009A1ED3 /* CompatibleSampleOneViewController.swift */ = {isa = PBXFileReference; lastKnownFileType = sourcecode.swift; path = CompatibleSampleOneViewController.swift; sourceTree = "<group>"; };
		99079A882AEBCDA1009A1ED3 /* CompatibleSampleThreeViewController.swift */ = {isa = PBXFileReference; lastKnownFileType = sourcecode.swift; path = CompatibleSampleThreeViewController.swift; sourceTree = "<group>"; };
		99079A8A2AEBD4E6009A1ED3 /* CompatibleSampleTwoViewController.swift */ = {isa = PBXFileReference; lastKnownFileType = sourcecode.swift; path = CompatibleSampleTwoViewController.swift; sourceTree = "<group>"; };
		99079A8C2AEBD623009A1ED3 /* CompatibleSampleFourViewController.swift */ = {isa = PBXFileReference; lastKnownFileType = sourcecode.swift; path = CompatibleSampleFourViewController.swift; sourceTree = "<group>"; };
		99079A8F2AEBD732009A1ED3 /* BTPrint.swift */ = {isa = PBXFileReference; fileEncoding = 4; lastKnownFileType = sourcecode.swift; path = BTPrint.swift; sourceTree = "<group>"; };
		99079A902AEBD732009A1ED3 /* PrintFormat.swift */ = {isa = PBXFileReference; fileEncoding = 4; lastKnownFileType = sourcecode.swift; path = PrintFormat.swift; sourceTree = "<group>"; };
		99079A932AEBE05E009A1ED3 /* CompatibleSampleFiveViewController.swift */ = {isa = PBXFileReference; lastKnownFileType = sourcecode.swift; path = CompatibleSampleFiveViewController.swift; sourceTree = "<group>"; };
		9930EFD32AA1898500F48622 /* TestViewController.swift */ = {isa = PBXFileReference; lastKnownFileType = sourcecode.swift; path = TestViewController.swift; sourceTree = "<group>"; };
		9930EFD72AA1950800F48622 /* CompatibleKeylessViewController.swift */ = {isa = PBXFileReference; lastKnownFileType = sourcecode.swift; path = CompatibleKeylessViewController.swift; sourceTree = "<group>"; };
		9930EFD92AA1C0F700F48622 /* CompatibleTypeMismatchViewController.swift */ = {isa = PBXFileReference; lastKnownFileType = sourcecode.swift; path = CompatibleTypeMismatchViewController.swift; sourceTree = "<group>"; };
		99373B2F2AEBEC8B008CB2F5 /* CompatibleSampleSixViewController.swift */ = {isa = PBXFileReference; lastKnownFileType = sourcecode.swift; path = CompatibleSampleSixViewController.swift; sourceTree = "<group>"; };
		99373B312AEBF22C008CB2F5 /* CaseTwoViewController.swift */ = {isa = PBXFileReference; lastKnownFileType = sourcecode.swift; path = CaseTwoViewController.swift; sourceTree = "<group>"; };
		9973EC202AD3A6C50085D782 /* NSDictionary+Extension.swift */ = {isa = PBXFileReference; fileEncoding = 4; lastKnownFileType = sourcecode.swift; path = "NSDictionary+Extension.swift"; sourceTree = "<group>"; };
		9973EC222AD3A7210085D782 /* UITableView+Reusable.swift */ = {isa = PBXFileReference; fileEncoding = 4; lastKnownFileType = sourcecode.swift; path = "UITableView+Reusable.swift"; sourceTree = "<group>"; };
		9973EC242AD3A73C0085D782 /* ArraySafe.swift */ = {isa = PBXFileReference; fileEncoding = 4; lastKnownFileType = sourcecode.swift; path = ArraySafe.swift; sourceTree = "<group>"; };
		997CB1D12AA7298800A2077D /* BaseCompatibilityViewController.swift */ = {isa = PBXFileReference; lastKnownFileType = sourcecode.swift; path = BaseCompatibilityViewController.swift; sourceTree = "<group>"; };
		997CB1D32AA72E7C00A2077D /* CompatibleClassViewController.swift */ = {isa = PBXFileReference; lastKnownFileType = sourcecode.swift; path = CompatibleClassViewController.swift; sourceTree = "<group>"; };
		997CB1D52AA82AF100A2077D /* DictionaryAndModelViewController.swift */ = {isa = PBXFileReference; lastKnownFileType = sourcecode.swift; path = DictionaryAndModelViewController.swift; sourceTree = "<group>"; };
		997CB1D72AA8316600A2077D /* ArrayAndModelViewController.swift */ = {isa = PBXFileReference; lastKnownFileType = sourcecode.swift; path = ArrayAndModelViewController.swift; sourceTree = "<group>"; };
		997CB1DC2AA8681C00A2077D /* ComplexDataStructureModel.swift */ = {isa = PBXFileReference; lastKnownFileType = sourcecode.swift; path = ComplexDataStructureModel.swift; sourceTree = "<group>"; };
		997CB1DE2AA8682300A2077D /* ComplexDataStructureCell.swift */ = {isa = PBXFileReference; lastKnownFileType = sourcecode.swift; path = ComplexDataStructureCell.swift; sourceTree = "<group>"; };
		997CB1E02AA86E9800A2077D /* ComplexDataStructureSectionHeader.swift */ = {isa = PBXFileReference; lastKnownFileType = sourcecode.swift; path = ComplexDataStructureSectionHeader.swift; sourceTree = "<group>"; };
		997CB2042AAABD2200A2077D /* OptionalPropertyViewController.swift */ = {isa = PBXFileReference; lastKnownFileType = sourcecode.swift; path = OptionalPropertyViewController.swift; sourceTree = "<group>"; };
		997CB2062AAABE6C00A2077D /* SimpleSmartCodableViewController.swift */ = {isa = PBXFileReference; lastKnownFileType = sourcecode.swift; path = SimpleSmartCodableViewController.swift; sourceTree = "<group>"; };
		997CB2092AAB163800A2077D /* InvalidDefaultValueController.swift */ = {isa = PBXFileReference; lastKnownFileType = sourcecode.swift; path = InvalidDefaultValueController.swift; sourceTree = "<group>"; };
		998104872B18B655001E7A40 /* CaseFiveViewController.swift */ = {isa = PBXFileReference; lastKnownFileType = sourcecode.swift; path = CaseFiveViewController.swift; sourceTree = "<group>"; };
		99925F222AA1EA750057934B /* CompatibleEmptyObjectViewController.swift */ = {isa = PBXFileReference; lastKnownFileType = sourcecode.swift; path = CompatibleEmptyObjectViewController.swift; sourceTree = "<group>"; };
		99925F242AA1F4110057934B /* CompatibleNullViewController.swift */ = {isa = PBXFileReference; lastKnownFileType = sourcecode.swift; path = CompatibleNullViewController.swift; sourceTree = "<group>"; };
		99925F272AA202800057934B /* CompatibleFloatViewController.swift */ = {isa = PBXFileReference; lastKnownFileType = sourcecode.swift; path = CompatibleFloatViewController.swift; sourceTree = "<group>"; };
		99925F292AA203DC0057934B /* CompatibleBoolViewController.swift */ = {isa = PBXFileReference; lastKnownFileType = sourcecode.swift; path = CompatibleBoolViewController.swift; sourceTree = "<group>"; };
		99925F2B2AA203EA0057934B /* CompatibleIntViewController.swift */ = {isa = PBXFileReference; lastKnownFileType = sourcecode.swift; path = CompatibleIntViewController.swift; sourceTree = "<group>"; };
		99925F2D2AA203F80057934B /* CompatibleStringViewController.swift */ = {isa = PBXFileReference; lastKnownFileType = sourcecode.swift; path = CompatibleStringViewController.swift; sourceTree = "<group>"; };
		999537D52AB164A700BA6512 /* CaseOneViewController.swift */ = {isa = PBXFileReference; lastKnownFileType = sourcecode.swift; path = CaseOneViewController.swift; sourceTree = "<group>"; };
		99AA645B2A95B94D00BCA1D9 /* BaseViewController.swift */ = {isa = PBXFileReference; fileEncoding = 4; lastKnownFileType = sourcecode.swift; path = BaseViewController.swift; sourceTree = "<group>"; };
		99AA645D2A95B94D00BCA1D9 /* CodableMatchingStructureViewController.swift */ = {isa = PBXFileReference; fileEncoding = 4; lastKnownFileType = sourcecode.swift; path = CodableMatchingStructureViewController.swift; sourceTree = "<group>"; };
		99AA645E2A95B94D00BCA1D9 /* CodableDecodingStrategyViewController.swift */ = {isa = PBXFileReference; fileEncoding = 4; lastKnownFileType = sourcecode.swift; path = CodableDecodingStrategyViewController.swift; sourceTree = "<group>"; };
		99AA645F2A95B94D00BCA1D9 /* CodableBaseViewController.swift */ = {isa = PBXFileReference; fileEncoding = 4; lastKnownFileType = sourcecode.swift; path = CodableBaseViewController.swift; sourceTree = "<group>"; };
		99AA64612A95B94D00BCA1D9 /* CompatibleEnumViewController.swift */ = {isa = PBXFileReference; fileEncoding = 4; lastKnownFileType = sourcecode.swift; path = CompatibleEnumViewController.swift; sourceTree = "<group>"; };
		99AA64632A95B94D00BCA1D9 /* DecodeErrorPrintViewController.swift */ = {isa = PBXFileReference; fileEncoding = 4; lastKnownFileType = sourcecode.swift; path = DecodeErrorPrintViewController.swift; sourceTree = "<group>"; };
		99AA64652A95B94D00BCA1D9 /* ComplexDataStructureViewController.swift */ = {isa = PBXFileReference; fileEncoding = 4; lastKnownFileType = sourcecode.swift; path = ComplexDataStructureViewController.swift; sourceTree = "<group>"; };
		99AA64742A95DDC800BCA1D9 /* FinishMappingViewController.swift */ = {isa = PBXFileReference; lastKnownFileType = sourcecode.swift; path = FinishMappingViewController.swift; sourceTree = "<group>"; };
		99AA64762A95EB7F00BCA1D9 /* AboutAnyViewController.swift */ = {isa = PBXFileReference; lastKnownFileType = sourcecode.swift; path = AboutAnyViewController.swift; sourceTree = "<group>"; };
		99AA64782A9C7A9500BCA1D9 /* CodableComplex_oneViewController.swift */ = {isa = PBXFileReference; lastKnownFileType = sourcecode.swift; path = CodableComplex_oneViewController.swift; sourceTree = "<group>"; };
		99AC4A0E2B0DF0B10086590D /* CaseThreeViewController.swift */ = {isa = PBXFileReference; lastKnownFileType = sourcecode.swift; path = CaseThreeViewController.swift; sourceTree = "<group>"; };
		99AC4A102B0E079D0086590D /* CaseFourViewController.swift */ = {isa = PBXFileReference; lastKnownFileType = sourcecode.swift; path = CaseFourViewController.swift; sourceTree = "<group>"; };
		99D97B082B18C9BF00F55E81 /* KeyDecodingStrategyViewController.swift */ = {isa = PBXFileReference; lastKnownFileType = sourcecode.swift; path = KeyDecodingStrategyViewController.swift; sourceTree = "<group>"; };
		99D97B0A2B18CA6800F55E81 /* DateDecodingStrategyViewController.swift */ = {isa = PBXFileReference; lastKnownFileType = sourcecode.swift; path = DateDecodingStrategyViewController.swift; sourceTree = "<group>"; };
		99D97B0C2B18CA7500F55E81 /* DataDecodingStrategyViewController.swift */ = {isa = PBXFileReference; lastKnownFileType = sourcecode.swift; path = DataDecodingStrategyViewController.swift; sourceTree = "<group>"; };
		99D97B0E2B18CA8300F55E81 /* FloatDecodingStrategyViewController.swift */ = {isa = PBXFileReference; lastKnownFileType = sourcecode.swift; path = FloatDecodingStrategyViewController.swift; sourceTree = "<group>"; };
		9CE23A449592BDCA5DC4C9AC /* SmartCodable.podspec */ = {isa = PBXFileReference; includeInIndex = 1; lastKnownFileType = text; name = SmartCodable.podspec; path = ../SmartCodable.podspec; sourceTree = "<group>"; xcLanguageSpecificationIdentifier = xcode.lang.ruby; };
		A96E6860DA7C40BB7926EF6A /* README.md */ = {isa = PBXFileReference; includeInIndex = 1; lastKnownFileType = net.daringfireball.markdown; name = README.md; path = ../README.md; sourceTree = "<group>"; };
		B6E6C68F740EE97E6C69F555 /* Pods_SmartCodable_Tests.framework */ = {isa = PBXFileReference; explicitFileType = wrapper.framework; includeInIndex = 0; path = Pods_SmartCodable_Tests.framework; sourceTree = BUILT_PRODUCTS_DIR; };
/* End PBXFileReference section */

/* Begin PBXFrameworksBuildPhase section */
		607FACCD1AFB9204008FA782 /* Frameworks */ = {
			isa = PBXFrameworksBuildPhase;
			buildActionMask = 2147483647;
			files = (
				35D0C050B5DD0D593B4C7389 /* Pods_SmartCodable_Example.framework in Frameworks */,
			);
			runOnlyForDeploymentPostprocessing = 0;
		};
/* End PBXFrameworksBuildPhase section */

/* Begin PBXGroup section */
		0C301C5EF0A5175EC722474E /* Pods */ = {
			isa = PBXGroup;
			children = (
				1555673ADBD4A593CFFCBF4A /* Pods-SmartCodable_Example.debug.xcconfig */,
				3C9A3891AAACBD9A371F3F79 /* Pods-SmartCodable_Example.release.xcconfig */,
				978E5B1486124E44C742BB4D /* Pods-SmartCodable_Tests.debug.xcconfig */,
				68BE8FF9CD850E3714EC8D0D /* Pods-SmartCodable_Tests.release.xcconfig */,
			);
			path = Pods;
			sourceTree = "<group>";
		};
		607FACC71AFB9204008FA782 = {
			isa = PBXGroup;
			children = (
				607FACF51AFB993E008FA782 /* Podspec Metadata */,
				607FACD21AFB9204008FA782 /* Example for SmartCodable */,
				607FACE81AFB9204008FA782 /* Tests */,
				607FACD11AFB9204008FA782 /* Products */,
				0C301C5EF0A5175EC722474E /* Pods */,
				64FDF3808A32CF685E7D378F /* Frameworks */,
			);
			sourceTree = "<group>";
		};
		607FACD11AFB9204008FA782 /* Products */ = {
			isa = PBXGroup;
			children = (
				607FACD01AFB9204008FA782 /* 数据解析.app */,
			);
			name = Products;
			sourceTree = "<group>";
		};
		607FACD21AFB9204008FA782 /* Example for SmartCodable */ = {
			isa = PBXGroup;
			children = (
				99AA645C2A95B94D00BCA1D9 /* CodableSmaple */,
				9930EFD52AA194A000F48622 /* Smart */,
				99AA64732A95DDA600BCA1D9 /* Other */,
				607FACD51AFB9204008FA782 /* AppDelegate.swift */,
				607FACD71AFB9204008FA782 /* ViewController.swift */,
				607FACD91AFB9204008FA782 /* Main.storyboard */,
				607FACDC1AFB9204008FA782 /* Images.xcassets */,
				607FACDE1AFB9204008FA782 /* LaunchScreen.xib */,
				607FACD31AFB9204008FA782 /* Supporting Files */,
			);
			name = "Example for SmartCodable";
			path = SmartCodable;
			sourceTree = "<group>";
		};
		607FACD31AFB9204008FA782 /* Supporting Files */ = {
			isa = PBXGroup;
			children = (
				607FACD41AFB9204008FA782 /* Info.plist */,
			);
			name = "Supporting Files";
			sourceTree = "<group>";
		};
		607FACE81AFB9204008FA782 /* Tests */ = {
			isa = PBXGroup;
			children = (
				607FACEB1AFB9204008FA782 /* Tests.swift */,
				607FACE91AFB9204008FA782 /* Supporting Files */,
			);
			path = Tests;
			sourceTree = "<group>";
		};
		607FACE91AFB9204008FA782 /* Supporting Files */ = {
			isa = PBXGroup;
			children = (
				607FACEA1AFB9204008FA782 /* Info.plist */,
			);
			name = "Supporting Files";
			sourceTree = "<group>";
		};
		607FACF51AFB993E008FA782 /* Podspec Metadata */ = {
			isa = PBXGroup;
			children = (
				9CE23A449592BDCA5DC4C9AC /* SmartCodable.podspec */,
				A96E6860DA7C40BB7926EF6A /* README.md */,
				6C7219316AB42098EFAE233B /* LICENSE */,
			);
			name = "Podspec Metadata";
			sourceTree = "<group>";
		};
		64FDF3808A32CF685E7D378F /* Frameworks */ = {
			isa = PBXGroup;
			children = (
				95E07B9A67E17CE3A8DB88D1 /* Pods_SmartCodable_Example.framework */,
				B6E6C68F740EE97E6C69F555 /* Pods_SmartCodable_Tests.framework */,
			);
			name = Frameworks;
			sourceTree = "<group>";
		};
		99079A842AEBCC5F009A1ED3 /* 验证结构 */ = {
			isa = PBXGroup;
			children = (
				99079A862AEBCC98009A1ED3 /* CompatibleSampleOneViewController.swift */,
				99079A8A2AEBD4E6009A1ED3 /* CompatibleSampleTwoViewController.swift */,
				99079A882AEBCDA1009A1ED3 /* CompatibleSampleThreeViewController.swift */,
				99079A8C2AEBD623009A1ED3 /* CompatibleSampleFourViewController.swift */,
				99079A932AEBE05E009A1ED3 /* CompatibleSampleFiveViewController.swift */,
				99373B2F2AEBEC8B008CB2F5 /* CompatibleSampleSixViewController.swift */,
			);
			path = "验证结构";
			sourceTree = "<group>";
		};
		99079A852AEBCC5F009A1ED3 /* 验证类型 */ = {
			isa = PBXGroup;
			children = (
				9930EFD72AA1950800F48622 /* CompatibleKeylessViewController.swift */,
				9930EFD92AA1C0F700F48622 /* CompatibleTypeMismatchViewController.swift */,
				99925F222AA1EA750057934B /* CompatibleEmptyObjectViewController.swift */,
				99925F242AA1F4110057934B /* CompatibleNullViewController.swift */,
				99AA64612A95B94D00BCA1D9 /* CompatibleEnumViewController.swift */,
				99925F272AA202800057934B /* CompatibleFloatViewController.swift */,
				99925F292AA203DC0057934B /* CompatibleBoolViewController.swift */,
				99925F2D2AA203F80057934B /* CompatibleStringViewController.swift */,
				99925F2B2AA203EA0057934B /* CompatibleIntViewController.swift */,
				997CB1D32AA72E7C00A2077D /* CompatibleClassViewController.swift */,
				997CB1D12AA7298800A2077D /* BaseCompatibilityViewController.swift */,
			);
			path = "验证类型";
			sourceTree = "<group>";
		};
		99079A8E2AEBD732009A1ED3 /* Print */ = {
			isa = PBXGroup;
			children = (
				99079A8F2AEBD732009A1ED3 /* BTPrint.swift */,
				99079A902AEBD732009A1ED3 /* PrintFormat.swift */,
			);
			path = Print;
			sourceTree = "<group>";
		};
		9930EFD52AA194A000F48622 /* Smart */ = {
			isa = PBXGroup;
			children = (
				99AA64602A95B94D00BCA1D9 /* Introduce(介绍) */,
				99D97B072B18C9A500F55E81 /* 解码策略 */,
				9930EFD62AA194BF00F48622 /* Compatibility(兼容性) */,
				999537D42AB00AE400BA6512 /* Case(案例) */,
				99925F262AA2013B0057934B /* DebugLog */,
				997CB2082AAB15BB00A2077D /* Disadvantage(缺点) */,
			);
			path = Smart;
			sourceTree = "<group>";
		};
		9930EFD62AA194BF00F48622 /* Compatibility(兼容性) */ = {
			isa = PBXGroup;
			children = (
				99079A852AEBCC5F009A1ED3 /* 验证类型 */,
				99079A842AEBCC5F009A1ED3 /* 验证结构 */,
			);
			path = "Compatibility(兼容性)";
			sourceTree = "<group>";
		};
		997CB1DB2AA8680B00A2077D /* ComplexDataStructure */ = {
			isa = PBXGroup;
			children = (
				99AA64652A95B94D00BCA1D9 /* ComplexDataStructureViewController.swift */,
				997CB1DC2AA8681C00A2077D /* ComplexDataStructureModel.swift */,
				997CB1DE2AA8682300A2077D /* ComplexDataStructureCell.swift */,
				997CB1E02AA86E9800A2077D /* ComplexDataStructureSectionHeader.swift */,
			);
			path = ComplexDataStructure;
			sourceTree = "<group>";
		};
		997CB2082AAB15BB00A2077D /* Disadvantage(缺点) */ = {
			isa = PBXGroup;
			children = (
				99AA64762A95EB7F00BCA1D9 /* AboutAnyViewController.swift */,
				997CB2092AAB163800A2077D /* InvalidDefaultValueController.swift */,
			);
			path = "Disadvantage(缺点)";
			sourceTree = "<group>";
		};
		99925F262AA2013B0057934B /* DebugLog */ = {
			isa = PBXGroup;
			children = (
				99AA64632A95B94D00BCA1D9 /* DecodeErrorPrintViewController.swift */,
			);
			path = DebugLog;
			sourceTree = "<group>";
		};
		999537D42AB00AE400BA6512 /* Case(案例) */ = {
			isa = PBXGroup;
			children = (
				999537D52AB164A700BA6512 /* CaseOneViewController.swift */,
				99373B312AEBF22C008CB2F5 /* CaseTwoViewController.swift */,
				99AC4A0E2B0DF0B10086590D /* CaseThreeViewController.swift */,
				99AC4A102B0E079D0086590D /* CaseFourViewController.swift */,
				998104872B18B655001E7A40 /* CaseFiveViewController.swift */,
			);
			path = "Case(案例)";
			sourceTree = "<group>";
		};
		99AA645C2A95B94D00BCA1D9 /* CodableSmaple */ = {
			isa = PBXGroup;
			children = (
				99AA645D2A95B94D00BCA1D9 /* CodableMatchingStructureViewController.swift */,
				99AA645E2A95B94D00BCA1D9 /* CodableDecodingStrategyViewController.swift */,
				99AA645F2A95B94D00BCA1D9 /* CodableBaseViewController.swift */,
				99AA645B2A95B94D00BCA1D9 /* BaseViewController.swift */,
				99AA647A2A9C7AAC00BCA1D9 /* Complex */,
			);
			path = CodableSmaple;
			sourceTree = "<group>";
		};
		99AA64602A95B94D00BCA1D9 /* Introduce(介绍) */ = {
			isa = PBXGroup;
			children = (
				997CB2062AAABE6C00A2077D /* SimpleSmartCodableViewController.swift */,
				997CB1D52AA82AF100A2077D /* DictionaryAndModelViewController.swift */,
				997CB1D72AA8316600A2077D /* ArrayAndModelViewController.swift */,
				99AA64742A95DDC800BCA1D9 /* FinishMappingViewController.swift */,
				997CB2042AAABD2200A2077D /* OptionalPropertyViewController.swift */,
				997CB1DB2AA8680B00A2077D /* ComplexDataStructure */,
			);
			path = "Introduce(介绍)";
			sourceTree = "<group>";
		};
		99AA64732A95DDA600BCA1D9 /* Other */ = {
			isa = PBXGroup;
			children = (
				99079A8E2AEBD732009A1ED3 /* Print */,
				9973EC242AD3A73C0085D782 /* ArraySafe.swift */,
				9973EC222AD3A7210085D782 /* UITableView+Reusable.swift */,
				9973EC202AD3A6C50085D782 /* NSDictionary+Extension.swift */,
				9930EFD32AA1898500F48622 /* TestViewController.swift */,
			);
			path = Other;
			sourceTree = "<group>";
		};
		99AA647A2A9C7AAC00BCA1D9 /* Complex */ = {
			isa = PBXGroup;
			children = (
				99AA64782A9C7A9500BCA1D9 /* CodableComplex_oneViewController.swift */,
			);
			path = Complex;
			sourceTree = "<group>";
		};
		99D97B072B18C9A500F55E81 /* 解码策略 */ = {
			isa = PBXGroup;
			children = (
				99D97B082B18C9BF00F55E81 /* KeyDecodingStrategyViewController.swift */,
				99D97B0A2B18CA6800F55E81 /* DateDecodingStrategyViewController.swift */,
				99D97B0C2B18CA7500F55E81 /* DataDecodingStrategyViewController.swift */,
				99D97B0E2B18CA8300F55E81 /* FloatDecodingStrategyViewController.swift */,
			);
			path = "解码策略";
			sourceTree = "<group>";
		};
/* End PBXGroup section */

/* Begin PBXNativeTarget section */
		607FACCF1AFB9204008FA782 /* SmartCodable_Example */ = {
			isa = PBXNativeTarget;
			buildConfigurationList = 607FACEF1AFB9204008FA782 /* Build configuration list for PBXNativeTarget "SmartCodable_Example" */;
			buildPhases = (
				0D351849924DF442391E3E52 /* [CP] Check Pods Manifest.lock */,
				607FACCC1AFB9204008FA782 /* Sources */,
				607FACCD1AFB9204008FA782 /* Frameworks */,
				607FACCE1AFB9204008FA782 /* Resources */,
				59A8CC96F2C2C283C49C054B /* [CP] Embed Pods Frameworks */,
			);
			buildRules = (
			);
			dependencies = (
			);
			name = SmartCodable_Example;
			productName = SmartCodable;
			productReference = 607FACD01AFB9204008FA782 /* 数据解析.app */;
			productType = "com.apple.product-type.application";
		};
/* End PBXNativeTarget section */

/* Begin PBXProject section */
		607FACC81AFB9204008FA782 /* Project object */ = {
			isa = PBXProject;
			attributes = {
				LastSwiftUpdateCheck = 0830;
				LastUpgradeCheck = 1420;
				ORGANIZATIONNAME = CocoaPods;
				TargetAttributes = {
					607FACCF1AFB9204008FA782 = {
						CreatedOnToolsVersion = 6.3.1;
						LastSwiftMigration = "";
					};
				};
			};
			buildConfigurationList = 607FACCB1AFB9204008FA782 /* Build configuration list for PBXProject "SmartCodable" */;
			compatibilityVersion = "Xcode 3.2";
			developmentRegion = en;
			hasScannedForEncodings = 0;
			knownRegions = (
				en,
				Base,
			);
			mainGroup = 607FACC71AFB9204008FA782;
			productRefGroup = 607FACD11AFB9204008FA782 /* Products */;
			projectDirPath = "";
			projectRoot = "";
			targets = (
				607FACCF1AFB9204008FA782 /* SmartCodable_Example */,
			);
		};
/* End PBXProject section */

/* Begin PBXResourcesBuildPhase section */
		607FACCE1AFB9204008FA782 /* Resources */ = {
			isa = PBXResourcesBuildPhase;
			buildActionMask = 2147483647;
			files = (
				607FACDB1AFB9204008FA782 /* Main.storyboard in Resources */,
				607FACE01AFB9204008FA782 /* LaunchScreen.xib in Resources */,
				607FACDD1AFB9204008FA782 /* Images.xcassets in Resources */,
			);
			runOnlyForDeploymentPostprocessing = 0;
		};
/* End PBXResourcesBuildPhase section */

/* Begin PBXShellScriptBuildPhase section */
		0D351849924DF442391E3E52 /* [CP] Check Pods Manifest.lock */ = {
			isa = PBXShellScriptBuildPhase;
			buildActionMask = 2147483647;
			files = (
			);
			inputFileListPaths = (
			);
			inputPaths = (
				"${PODS_PODFILE_DIR_PATH}/Podfile.lock",
				"${PODS_ROOT}/Manifest.lock",
			);
			name = "[CP] Check Pods Manifest.lock";
			outputFileListPaths = (
			);
			outputPaths = (
				"$(DERIVED_FILE_DIR)/Pods-SmartCodable_Example-checkManifestLockResult.txt",
			);
			runOnlyForDeploymentPostprocessing = 0;
			shellPath = /bin/sh;
			shellScript = "diff \"${PODS_PODFILE_DIR_PATH}/Podfile.lock\" \"${PODS_ROOT}/Manifest.lock\" > /dev/null\nif [ $? != 0 ] ; then\n    # print error to STDERR\n    echo \"error: The sandbox is not in sync with the Podfile.lock. Run 'pod install' or update your CocoaPods installation.\" >&2\n    exit 1\nfi\n# This output is used by Xcode 'outputs' to avoid re-running this script phase.\necho \"SUCCESS\" > \"${SCRIPT_OUTPUT_FILE_0}\"\n";
			showEnvVarsInLog = 0;
		};
		59A8CC96F2C2C283C49C054B /* [CP] Embed Pods Frameworks */ = {
			isa = PBXShellScriptBuildPhase;
			buildActionMask = 2147483647;
			files = (
			);
			inputPaths = (
				"${PODS_ROOT}/Target Support Files/Pods-SmartCodable_Example/Pods-SmartCodable_Example-frameworks.sh",
				"${BUILT_PRODUCTS_DIR}/Kingfisher/Kingfisher.framework",
				"${BUILT_PRODUCTS_DIR}/SmartCodable/SmartCodable.framework",
				"${BUILT_PRODUCTS_DIR}/SnapKit/SnapKit.framework",
			);
			name = "[CP] Embed Pods Frameworks";
			outputPaths = (
				"${TARGET_BUILD_DIR}/${FRAMEWORKS_FOLDER_PATH}/Kingfisher.framework",
				"${TARGET_BUILD_DIR}/${FRAMEWORKS_FOLDER_PATH}/SmartCodable.framework",
				"${TARGET_BUILD_DIR}/${FRAMEWORKS_FOLDER_PATH}/SnapKit.framework",
			);
			runOnlyForDeploymentPostprocessing = 0;
			shellPath = /bin/sh;
			shellScript = "\"${PODS_ROOT}/Target Support Files/Pods-SmartCodable_Example/Pods-SmartCodable_Example-frameworks.sh\"\n";
			showEnvVarsInLog = 0;
		};
/* End PBXShellScriptBuildPhase section */

/* Begin PBXSourcesBuildPhase section */
		607FACCC1AFB9204008FA782 /* Sources */ = {
			isa = PBXSourcesBuildPhase;
			buildActionMask = 2147483647;
			files = (
				99079A8D2AEBD623009A1ED3 /* CompatibleSampleFourViewController.swift in Sources */,
				9973EC252AD3A73C0085D782 /* ArraySafe.swift in Sources */,
				99AA646E2A95B94D00BCA1D9 /* DecodeErrorPrintViewController.swift in Sources */,
				9930EFD42AA1898500F48622 /* TestViewController.swift in Sources */,
				9973EC212AD3A6C50085D782 /* NSDictionary+Extension.swift in Sources */,
				99079A912AEBD732009A1ED3 /* BTPrint.swift in Sources */,
				997CB2052AAABD2200A2077D /* OptionalPropertyViewController.swift in Sources */,
				99D97B0B2B18CA6800F55E81 /* DateDecodingStrategyViewController.swift in Sources */,
				997CB20A2AAB163800A2077D /* InvalidDefaultValueController.swift in Sources */,
				99AA64792A9C7A9500BCA1D9 /* CodableComplex_oneViewController.swift in Sources */,
				99AA64752A95DDC800BCA1D9 /* FinishMappingViewController.swift in Sources */,
				99AA646B2A95B94D00BCA1D9 /* CodableBaseViewController.swift in Sources */,
				99AC4A0F2B0DF0B10086590D /* CaseThreeViewController.swift in Sources */,
				998104882B18B655001E7A40 /* CaseFiveViewController.swift in Sources */,
				99079A872AEBCC98009A1ED3 /* CompatibleSampleOneViewController.swift in Sources */,
				997CB1E12AA86E9800A2077D /* ComplexDataStructureSectionHeader.swift in Sources */,
				997CB1D42AA72E7C00A2077D /* CompatibleClassViewController.swift in Sources */,
				9930EFD82AA1950800F48622 /* CompatibleKeylessViewController.swift in Sources */,
				99373B302AEBEC8B008CB2F5 /* CompatibleSampleSixViewController.swift in Sources */,
				99AA64692A95B94D00BCA1D9 /* CodableMatchingStructureViewController.swift in Sources */,
				99925F232AA1EA750057934B /* CompatibleEmptyObjectViewController.swift in Sources */,
				99925F2A2AA203DC0057934B /* CompatibleBoolViewController.swift in Sources */,
				9930EFDA2AA1C0F700F48622 /* CompatibleTypeMismatchViewController.swift in Sources */,
				99AC4A112B0E079D0086590D /* CaseFourViewController.swift in Sources */,
				99079A892AEBCDA1009A1ED3 /* CompatibleSampleThreeViewController.swift in Sources */,
				607FACD81AFB9204008FA782 /* ViewController.swift in Sources */,
				997CB1D22AA7298800A2077D /* BaseCompatibilityViewController.swift in Sources */,
				99925F2C2AA203EA0057934B /* CompatibleIntViewController.swift in Sources */,
				997CB1DD2AA8681C00A2077D /* ComplexDataStructureModel.swift in Sources */,
				99373B322AEBF22C008CB2F5 /* CaseTwoViewController.swift in Sources */,
				99D97B0D2B18CA7500F55E81 /* DataDecodingStrategyViewController.swift in Sources */,
				997CB1DF2AA8682300A2077D /* ComplexDataStructureCell.swift in Sources */,
				99079A8B2AEBD4E6009A1ED3 /* CompatibleSampleTwoViewController.swift in Sources */,
				99079A922AEBD732009A1ED3 /* PrintFormat.swift in Sources */,
				99D97B0F2B18CA8300F55E81 /* FloatDecodingStrategyViewController.swift in Sources */,
				9973EC232AD3A7210085D782 /* UITableView+Reusable.swift in Sources */,
				997CB1D82AA8316600A2077D /* ArrayAndModelViewController.swift in Sources */,
				997CB1D62AA82AF100A2077D /* DictionaryAndModelViewController.swift in Sources */,
				99AA64772A95EB7F00BCA1D9 /* AboutAnyViewController.swift in Sources */,
				99AA646C2A95B94D00BCA1D9 /* CompatibleEnumViewController.swift in Sources */,
				99D97B092B18C9BF00F55E81 /* KeyDecodingStrategyViewController.swift in Sources */,
				999537D62AB164A800BA6512 /* CaseOneViewController.swift in Sources */,
				99AA646A2A95B94D00BCA1D9 /* CodableDecodingStrategyViewController.swift in Sources */,
				99925F2E2AA203F80057934B /* CompatibleStringViewController.swift in Sources */,
				607FACD61AFB9204008FA782 /* AppDelegate.swift in Sources */,
				99AA64682A95B94D00BCA1D9 /* BaseViewController.swift in Sources */,
				997CB2072AAABE6C00A2077D /* SimpleSmartCodableViewController.swift in Sources */,
				99AA64702A95B94D00BCA1D9 /* ComplexDataStructureViewController.swift in Sources */,
				99925F252AA1F4110057934B /* CompatibleNullViewController.swift in Sources */,
				99079A942AEBE05E009A1ED3 /* CompatibleSampleFiveViewController.swift in Sources */,
				99925F282AA202800057934B /* CompatibleFloatViewController.swift in Sources */,
			);
			runOnlyForDeploymentPostprocessing = 0;
		};
/* End PBXSourcesBuildPhase section */

/* Begin PBXVariantGroup section */
		607FACD91AFB9204008FA782 /* Main.storyboard */ = {
			isa = PBXVariantGroup;
			children = (
				607FACDA1AFB9204008FA782 /* Base */,
			);
			name = Main.storyboard;
			sourceTree = "<group>";
		};
		607FACDE1AFB9204008FA782 /* LaunchScreen.xib */ = {
			isa = PBXVariantGroup;
			children = (
				607FACDF1AFB9204008FA782 /* Base */,
			);
			name = LaunchScreen.xib;
			sourceTree = "<group>";
		};
/* End PBXVariantGroup section */

/* Begin XCBuildConfiguration section */
		607FACED1AFB9204008FA782 /* Debug */ = {
			isa = XCBuildConfiguration;
			buildSettings = {
				ALWAYS_SEARCH_USER_PATHS = NO;
				CLANG_ANALYZER_LOCALIZABILITY_NONLOCALIZED = YES;
				CLANG_CXX_LANGUAGE_STANDARD = "gnu++0x";
				CLANG_CXX_LIBRARY = "libc++";
				CLANG_ENABLE_MODULES = YES;
				CLANG_ENABLE_OBJC_ARC = YES;
				CLANG_WARN_BLOCK_CAPTURE_AUTORELEASING = YES;
				CLANG_WARN_BOOL_CONVERSION = YES;
				CLANG_WARN_COMMA = YES;
				CLANG_WARN_CONSTANT_CONVERSION = YES;
				CLANG_WARN_DEPRECATED_OBJC_IMPLEMENTATIONS = YES;
				CLANG_WARN_DIRECT_OBJC_ISA_USAGE = YES_ERROR;
				CLANG_WARN_EMPTY_BODY = YES;
				CLANG_WARN_ENUM_CONVERSION = YES;
				CLANG_WARN_INFINITE_RECURSION = YES;
				CLANG_WARN_INT_CONVERSION = YES;
				CLANG_WARN_NON_LITERAL_NULL_CONVERSION = YES;
				CLANG_WARN_OBJC_IMPLICIT_RETAIN_SELF = YES;
				CLANG_WARN_OBJC_LITERAL_CONVERSION = YES;
				CLANG_WARN_OBJC_ROOT_CLASS = YES_ERROR;
				CLANG_WARN_QUOTED_INCLUDE_IN_FRAMEWORK_HEADER = YES;
				CLANG_WARN_RANGE_LOOP_ANALYSIS = YES;
				CLANG_WARN_STRICT_PROTOTYPES = YES;
				CLANG_WARN_SUSPICIOUS_MOVE = YES;
				CLANG_WARN_UNREACHABLE_CODE = YES;
				CLANG_WARN__DUPLICATE_METHOD_MATCH = YES;
				"CODE_SIGN_IDENTITY[sdk=iphoneos*]" = "iPhone Developer";
				COPY_PHASE_STRIP = NO;
				DEBUG_INFORMATION_FORMAT = "dwarf-with-dsym";
				ENABLE_STRICT_OBJC_MSGSEND = YES;
				ENABLE_TESTABILITY = YES;
				GCC_C_LANGUAGE_STANDARD = gnu99;
				GCC_DYNAMIC_NO_PIC = NO;
				GCC_NO_COMMON_BLOCKS = YES;
				GCC_OPTIMIZATION_LEVEL = 0;
				GCC_PREPROCESSOR_DEFINITIONS = (
					"DEBUG=1",
					"$(inherited)",
				);
				GCC_SYMBOLS_PRIVATE_EXTERN = NO;
				GCC_WARN_64_TO_32_BIT_CONVERSION = YES;
				GCC_WARN_ABOUT_RETURN_TYPE = YES_ERROR;
				GCC_WARN_UNDECLARED_SELECTOR = YES;
				GCC_WARN_UNINITIALIZED_AUTOS = YES_AGGRESSIVE;
				GCC_WARN_UNUSED_FUNCTION = YES;
				GCC_WARN_UNUSED_VARIABLE = YES;
				IPHONEOS_DEPLOYMENT_TARGET = 11.0;
				MTL_ENABLE_DEBUG_INFO = YES;
				ONLY_ACTIVE_ARCH = YES;
				SDKROOT = iphoneos;
				SWIFT_OPTIMIZATION_LEVEL = "-Onone";
			};
			name = Debug;
		};
		607FACEE1AFB9204008FA782 /* Release */ = {
			isa = XCBuildConfiguration;
			buildSettings = {
				ALWAYS_SEARCH_USER_PATHS = NO;
				CLANG_ANALYZER_LOCALIZABILITY_NONLOCALIZED = YES;
				CLANG_CXX_LANGUAGE_STANDARD = "gnu++0x";
				CLANG_CXX_LIBRARY = "libc++";
				CLANG_ENABLE_MODULES = YES;
				CLANG_ENABLE_OBJC_ARC = YES;
				CLANG_WARN_BLOCK_CAPTURE_AUTORELEASING = YES;
				CLANG_WARN_BOOL_CONVERSION = YES;
				CLANG_WARN_COMMA = YES;
				CLANG_WARN_CONSTANT_CONVERSION = YES;
				CLANG_WARN_DEPRECATED_OBJC_IMPLEMENTATIONS = YES;
				CLANG_WARN_DIRECT_OBJC_ISA_USAGE = YES_ERROR;
				CLANG_WARN_EMPTY_BODY = YES;
				CLANG_WARN_ENUM_CONVERSION = YES;
				CLANG_WARN_INFINITE_RECURSION = YES;
				CLANG_WARN_INT_CONVERSION = YES;
				CLANG_WARN_NON_LITERAL_NULL_CONVERSION = YES;
				CLANG_WARN_OBJC_IMPLICIT_RETAIN_SELF = YES;
				CLANG_WARN_OBJC_LITERAL_CONVERSION = YES;
				CLANG_WARN_OBJC_ROOT_CLASS = YES_ERROR;
				CLANG_WARN_QUOTED_INCLUDE_IN_FRAMEWORK_HEADER = YES;
				CLANG_WARN_RANGE_LOOP_ANALYSIS = YES;
				CLANG_WARN_STRICT_PROTOTYPES = YES;
				CLANG_WARN_SUSPICIOUS_MOVE = YES;
				CLANG_WARN_UNREACHABLE_CODE = YES;
				CLANG_WARN__DUPLICATE_METHOD_MATCH = YES;
				"CODE_SIGN_IDENTITY[sdk=iphoneos*]" = "iPhone Developer";
				COPY_PHASE_STRIP = NO;
				DEBUG_INFORMATION_FORMAT = "dwarf-with-dsym";
				ENABLE_NS_ASSERTIONS = NO;
				ENABLE_STRICT_OBJC_MSGSEND = YES;
				GCC_C_LANGUAGE_STANDARD = gnu99;
				GCC_NO_COMMON_BLOCKS = YES;
				GCC_WARN_64_TO_32_BIT_CONVERSION = YES;
				GCC_WARN_ABOUT_RETURN_TYPE = YES_ERROR;
				GCC_WARN_UNDECLARED_SELECTOR = YES;
				GCC_WARN_UNINITIALIZED_AUTOS = YES_AGGRESSIVE;
				GCC_WARN_UNUSED_FUNCTION = YES;
				GCC_WARN_UNUSED_VARIABLE = YES;
				IPHONEOS_DEPLOYMENT_TARGET = 11.0;
				MTL_ENABLE_DEBUG_INFO = NO;
				SDKROOT = iphoneos;
				SWIFT_OPTIMIZATION_LEVEL = "-Owholemodule";
				VALIDATE_PRODUCT = YES;
			};
			name = Release;
		};
		607FACF01AFB9204008FA782 /* Debug */ = {
			isa = XCBuildConfiguration;
			baseConfigurationReference = 1555673ADBD4A593CFFCBF4A /* Pods-SmartCodable_Example.debug.xcconfig */;
			buildSettings = {
				ASSETCATALOG_COMPILER_APPICON_NAME = AppIcon;
				INFOPLIST_FILE = SmartCodable/Info.plist;
				INFOPLIST_KEY_CFBundleDisplayName = "数据解析库";
				IPHONEOS_DEPLOYMENT_TARGET = 12.0;
				LD_RUNPATH_SEARCH_PATHS = "$(inherited) @executable_path/Frameworks";
				MODULE_NAME = ExampleApp;
				PRODUCT_BUNDLE_IDENTIFIER = "org.cocoapods.demo.$(PRODUCT_NAME:rfc1034identifier)";
				PRODUCT_NAME = "数据解析";
				SWIFT_SWIFT3_OBJC_INFERENCE = Default;
				SWIFT_VERSION = 5.0;
			};
			name = Debug;
		};
		607FACF11AFB9204008FA782 /* Release */ = {
			isa = XCBuildConfiguration;
			baseConfigurationReference = 3C9A3891AAACBD9A371F3F79 /* Pods-SmartCodable_Example.release.xcconfig */;
			buildSettings = {
				ASSETCATALOG_COMPILER_APPICON_NAME = AppIcon;
				INFOPLIST_FILE = SmartCodable/Info.plist;
				INFOPLIST_KEY_CFBundleDisplayName = "数据解析库";
				IPHONEOS_DEPLOYMENT_TARGET = 12.0;
				LD_RUNPATH_SEARCH_PATHS = "$(inherited) @executable_path/Frameworks";
				MODULE_NAME = ExampleApp;
				PRODUCT_BUNDLE_IDENTIFIER = "org.cocoapods.demo.$(PRODUCT_NAME:rfc1034identifier)";
				PRODUCT_NAME = "数据解析";
				SWIFT_SWIFT3_OBJC_INFERENCE = Default;
				SWIFT_VERSION = 5.0;
			};
			name = Release;
		};
/* End XCBuildConfiguration section */

/* Begin XCConfigurationList section */
		607FACCB1AFB9204008FA782 /* Build configuration list for PBXProject "SmartCodable" */ = {
			isa = XCConfigurationList;
			buildConfigurations = (
				607FACED1AFB9204008FA782 /* Debug */,
				607FACEE1AFB9204008FA782 /* Release */,
			);
			defaultConfigurationIsVisible = 0;
			defaultConfigurationName = Release;
		};
		607FACEF1AFB9204008FA782 /* Build configuration list for PBXNativeTarget "SmartCodable_Example" */ = {
			isa = XCConfigurationList;
			buildConfigurations = (
				607FACF01AFB9204008FA782 /* Debug */,
				607FACF11AFB9204008FA782 /* Release */,
			);
			defaultConfigurationIsVisible = 0;
			defaultConfigurationName = Release;
		};
/* End XCConfigurationList section */
	};
	rootObject = 607FACC81AFB9204008FA782 /* Project object */;
}
